
Microsoft Visual Studio Solution File, Format Version 12.00
# Visual Studio 2012
Project("{FAE04EC0-301F-11D3-BF4B-00C04F79EFBC}") = "Atum.Domain.Test", "..\Atum.Domain.Test\Atum.Domain.Test.csproj", "{583FBAD9-A91A-4354-91C3-41185A460AEF}"
EndProject
Project("{FAE04EC0-301F-11D3-BF4B-00C04F79EFBC}") = "Atum.Domain.Surveillance", "Atum.Domain.Surveillance\Atum.Domain.Surveillance.csproj", "{DD43F4B6-5E09-41AA-B7C7-2B53722B1F77}"
EndProject
Project("{FAE04EC0-301F-11D3-BF4B-00C04F79EFBC}") = "Atum.Data.Surveillance", "Atum.Data.Surveillance\Atum.Data.Surveillance.csproj", "{2FE3BE00-7279-46CC-B1DB-3579976A3B78}"
EndProject
Project("{FAE04EC0-301F-11D3-BF4B-00C04F79EFBC}") = "Atum.Domain.Common", "Atum.Domain.Common\Atum.Domain.Common.csproj", "{402A24D0-272F-48EE-B533-27D4F7B3D2F5}"
EndProject
Project("{FAE04EC0-301F-11D3-BF4B-00C04F79EFBC}") = "Atum.Domain.Basis", "Atum.Domain.Basis\Atum.Domain.Basis.csproj", "{94BCB49A-CB7D-4F37-8340-9A9B8CD05614}"
EndProject
Project("{FAE04EC0-301F-11D3-BF4B-00C04F79EFBC}") = "Atum.Utility", "..\Atum.Utility\Atum.Utility.csproj", "{88482AD9-EDB0-45C3-8306-D88B8FF3528D}"
EndProject
Project("{FAE04EC0-301F-11D3-BF4B-00C04F79EFBC}") = "Atum.Domain.Security", "Atum.Domain.Security\Atum.Domain.Security.csproj", "{4DB9B8EA-AD8B-48ED-8329-FB511B4BD218}"
EndProject
Global
	GlobalSection(SolutionConfigurationPlatforms) = preSolution
		Debug|Any CPU = Debug|Any CPU
		FxCop|Any CPU = FxCop|Any CPU
		Release|Any CPU = Release|Any CPU
		Silverlight 4 Debug|Any CPU = Silverlight 4 Debug|Any CPU
		Silverlight 4 Release|Any CPU = Silverlight 4 Release|Any CPU
		Silverlight Debug|Any CPU = Silverlight Debug|Any CPU
		Silverlight Release|Any CPU = Silverlight Release|Any CPU
		V4 Debug|Any CPU = V4 Debug|Any CPU
		V4 Release|Any CPU = V4 Release|Any CPU
	EndGlobalSection
	GlobalSection(ProjectConfigurationPlatforms) = postSolution
		{583FBAD9-A91A-4354-91C3-41185A460AEF}.Debug|Any CPU.ActiveCfg = Debug|Any CPU
		{583FBAD9-A91A-4354-91C3-41185A460AEF}.Debug|Any CPU.Build.0 = Debug|Any CPU
		{583FBAD9-A91A-4354-91C3-41185A460AEF}.FxCop|Any CPU.ActiveCfg = Release|Any CPU
		{583FBAD9-A91A-4354-91C3-41185A460AEF}.Release|Any CPU.ActiveCfg = Release|Any CPU
		{583FBAD9-A91A-4354-91C3-41185A460AEF}.Release|Any CPU.Build.0 = Release|Any CPU
		{583FBAD9-A91A-4354-91C3-41185A460AEF}.Silverlight 4 Debug|Any CPU.ActiveCfg = Debug|Any CPU
		{583FBAD9-A91A-4354-91C3-41185A460AEF}.Silverlight 4 Release|Any CPU.ActiveCfg = Release|Any CPU
		{583FBAD9-A91A-4354-91C3-41185A460AEF}.Silverlight Debug|Any CPU.ActiveCfg = Debug|Any CPU
		{583FBAD9-A91A-4354-91C3-41185A460AEF}.Silverlight Release|Any CPU.ActiveCfg = Release|Any CPU
		{583FBAD9-A91A-4354-91C3-41185A460AEF}.V4 Debug|Any CPU.ActiveCfg = Debug|Any CPU
		{583FBAD9-A91A-4354-91C3-41185A460AEF}.V4 Release|Any CPU.ActiveCfg = Release|Any CPU
		{DD43F4B6-5E09-41AA-B7C7-2B53722B1F77}.Debug|Any CPU.ActiveCfg = Debug|Any CPU
		{DD43F4B6-5E09-41AA-B7C7-2B53722B1F77}.Debug|Any CPU.Build.0 = Debug|Any CPU
		{DD43F4B6-5E09-41AA-B7C7-2B53722B1F77}.FxCop|Any CPU.ActiveCfg = Release|Any CPU
		{DD43F4B6-5E09-41AA-B7C7-2B53722B1F77}.FxCop|Any CPU.Build.0 = Release|Any CPU
		{DD43F4B6-5E09-41AA-B7C7-2B53722B1F77}.Release|Any CPU.ActiveCfg = Release|Any CPU
		{DD43F4B6-5E09-41AA-B7C7-2B53722B1F77}.Release|Any CPU.Build.0 = Release|Any CPU
		{DD43F4B6-5E09-41AA-B7C7-2B53722B1F77}.Silverlight 4 Debug|Any CPU.ActiveCfg = Debug|Any CPU
		{DD43F4B6-5E09-41AA-B7C7-2B53722B1F77}.Silverlight 4 Debug|Any CPU.Build.0 = Debug|Any CPU
		{DD43F4B6-5E09-41AA-B7C7-2B53722B1F77}.Silverlight 4 Release|Any CPU.ActiveCfg = Release|Any CPU
		{DD43F4B6-5E09-41AA-B7C7-2B53722B1F77}.Silverlight 4 Release|Any CPU.Build.0 = Release|Any CPU
		{DD43F4B6-5E09-41AA-B7C7-2B53722B1F77}.Silverlight Debug|Any CPU.ActiveCfg = Debug|Any CPU
		{DD43F4B6-5E09-41AA-B7C7-2B53722B1F77}.Silverlight Debug|Any CPU.Build.0 = Debug|Any CPU
		{DD43F4B6-5E09-41AA-B7C7-2B53722B1F77}.Silverlight Release|Any CPU.ActiveCfg = Release|Any CPU
		{DD43F4B6-5E09-41AA-B7C7-2B53722B1F77}.Silverlight Release|Any CPU.Build.0 = Release|Any CPU
		{DD43F4B6-5E09-41AA-B7C7-2B53722B1F77}.V4 Debug|Any CPU.ActiveCfg = Debug|Any CPU
		{DD43F4B6-5E09-41AA-B7C7-2B53722B1F77}.V4 Debug|Any CPU.Build.0 = Debug|Any CPU
		{DD43F4B6-5E09-41AA-B7C7-2B53722B1F77}.V4 Release|Any CPU.ActiveCfg = Release|Any CPU
		{DD43F4B6-5E09-41AA-B7C7-2B53722B1F77}.V4 Release|Any CPU.Build.0 = Release|Any CPU
		{2FE3BE00-7279-46CC-B1DB-3579976A3B78}.Debug|Any CPU.ActiveCfg = Debug|Any CPU
		{2FE3BE00-7279-46CC-B1DB-3579976A3B78}.Debug|Any CPU.Build.0 = Debug|Any CPU
		{2FE3BE00-7279-46CC-B1DB-3579976A3B78}.FxCop|Any CPU.ActiveCfg = Release|Any CPU
		{2FE3BE00-7279-46CC-B1DB-3579976A3B78}.FxCop|Any CPU.Build.0 = Release|Any CPU
		{2FE3BE00-7279-46CC-B1DB-3579976A3B78}.Release|Any CPU.ActiveCfg = Release|Any CPU
		{2FE3BE00-7279-46CC-B1DB-3579976A3B78}.Release|Any CPU.Build.0 = Release|Any CPU
		{2FE3BE00-7279-46CC-B1DB-3579976A3B78}.Silverlight 4 Debug|Any CPU.ActiveCfg = Debug|Any CPU
		{2FE3BE00-7279-46CC-B1DB-3579976A3B78}.Silverlight 4 Debug|Any CPU.Build.0 = Debug|Any CPU
		{2FE3BE00-7279-46CC-B1DB-3579976A3B78}.Silverlight 4 Release|Any CPU.ActiveCfg = Release|Any CPU
		{2FE3BE00-7279-46CC-B1DB-3579976A3B78}.Silverlight 4 Release|Any CPU.Build.0 = Release|Any CPU
		{2FE3BE00-7279-46CC-B1DB-3579976A3B78}.Silverlight Debug|Any CPU.ActiveCfg = Debug|Any CPU
		{2FE3BE00-7279-46CC-B1DB-3579976A3B78}.Silverlight Debug|Any CPU.Build.0 = Debug|Any CPU
		{2FE3BE00-7279-46CC-B1DB-3579976A3B78}.Silverlight Release|Any CPU.ActiveCfg = Release|Any CPU
		{2FE3BE00-7279-46CC-B1DB-3579976A3B78}.Silverlight Release|Any CPU.Build.0 = Release|Any CPU
		{2FE3BE00-7279-46CC-B1DB-3579976A3B78}.V4 Debug|Any CPU.ActiveCfg = Debug|Any CPU
		{2FE3BE00-7279-46CC-B1DB-3579976A3B78}.V4 Debug|Any CPU.Build.0 = Debug|Any CPU
		{2FE3BE00-7279-46CC-B1DB-3579976A3B78}.V4 Release|Any CPU.ActiveCfg = Release|Any CPU
		{2FE3BE00-7279-46CC-B1DB-3579976A3B78}.V4 Release|Any CPU.Build.0 = Release|Any CPU
		{402A24D0-272F-48EE-B533-27D4F7B3D2F5}.Debug|Any CPU.ActiveCfg = Debug|Any CPU
		{402A24D0-272F-48EE-B533-27D4F7B3D2F5}.Debug|Any CPU.Build.0 = Debug|Any CPU
		{402A24D0-272F-48EE-B533-27D4F7B3D2F5}.FxCop|Any CPU.ActiveCfg = Release|Any CPU
		{402A24D0-272F-48EE-B533-27D4F7B3D2F5}.FxCop|Any CPU.Build.0 = Release|Any CPU
		{402A24D0-272F-48EE-B533-27D4F7B3D2F5}.Release|Any CPU.ActiveCfg = Release|Any CPU
		{402A24D0-272F-48EE-B533-27D4F7B3D2F5}.Release|Any CPU.Build.0 = Release|Any CPU
		{402A24D0-272F-48EE-B533-27D4F7B3D2F5}.Silverlight 4 Debug|Any CPU.ActiveCfg = Debug|Any CPU
		{402A24D0-272F-48EE-B533-27D4F7B3D2F5}.Silverlight 4 Debug|Any CPU.Build.0 = Debug|Any CPU
		{402A24D0-272F-48EE-B533-27D4F7B3D2F5}.Silverlight 4 Release|Any CPU.ActiveCfg = Release|Any CPU
		{402A24D0-272F-48EE-B533-27D4F7B3D2F5}.Silverlight 4 Release|Any CPU.Build.0 = Release|Any CPU
		{402A24D0-272F-48EE-B533-27D4F7B3D2F5}.Silverlight Debug|Any CPU.ActiveCfg = Debug|Any CPU
		{402A24D0-272F-48EE-B533-27D4F7B3D2F5}.Silverlight Debug|Any CPU.Build.0 = Debug|Any CPU
		{402A24D0-272F-48EE-B533-27D4F7B3D2F5}.Silverlight Release|Any CPU.ActiveCfg = Release|Any CPU
		{402A24D0-272F-48EE-B533-27D4F7B3D2F5}.Silverlight Release|Any CPU.Build.0 = Release|Any CPU
		{402A24D0-272F-48EE-B533-27D4F7B3D2F5}.V4 Debug|Any CPU.ActiveCfg = Debug|Any CPU
		{402A24D0-272F-48EE-B533-27D4F7B3D2F5}.V4 Debug|Any CPU.Build.0 = Debug|Any CPU
		{402A24D0-272F-48EE-B533-27D4F7B3D2F5}.V4 Release|Any CPU.ActiveCfg = Release|Any CPU
		{402A24D0-272F-48EE-B533-27D4F7B3D2F5}.V4 Release|Any CPU.Build.0 = Release|Any CPU
		{94BCB49A-CB7D-4F37-8340-9A9B8CD05614}.Debug|Any CPU.ActiveCfg = Debug|Any CPU
		{94BCB49A-CB7D-4F37-8340-9A9B8CD05614}.Debug|Any CPU.Build.0 = Debug|Any CPU
		{94BCB49A-CB7D-4F37-8340-9A9B8CD05614}.FxCop|Any CPU.ActiveCfg = Release|Any CPU
		{94BCB49A-CB7D-4F37-8340-9A9B8CD05614}.FxCop|Any CPU.Build.0 = Release|Any CPU
		{94BCB49A-CB7D-4F37-8340-9A9B8CD05614}.Release|Any CPU.ActiveCfg = Release|Any CPU
		{94BCB49A-CB7D-4F37-8340-9A9B8CD05614}.Release|Any CPU.Build.0 = Release|Any CPU
		{94BCB49A-CB7D-4F37-8340-9A9B8CD05614}.Silverlight 4 Debug|Any CPU.ActiveCfg = Debug|Any CPU
		{94BCB49A-CB7D-4F37-8340-9A9B8CD05614}.Silverlight 4 Debug|Any CPU.Build.0 = Debug|Any CPU
		{94BCB49A-CB7D-4F37-8340-9A9B8CD05614}.Silverlight 4 Release|Any CPU.ActiveCfg = Release|Any CPU
		{94BCB49A-CB7D-4F37-8340-9A9B8CD05614}.Silverlight 4 Release|Any CPU.Build.0 = Release|Any CPU
		{94BCB49A-CB7D-4F37-8340-9A9B8CD05614}.Silverlight Debug|Any CPU.ActiveCfg = Debug|Any CPU
		{94BCB49A-CB7D-4F37-8340-9A9B8CD05614}.Silverlight Debug|Any CPU.Build.0 = Debug|Any CPU
		{94BCB49A-CB7D-4F37-8340-9A9B8CD05614}.Silverlight Release|Any CPU.ActiveCfg = Release|Any CPU
		{94BCB49A-CB7D-4F37-8340-9A9B8CD05614}.Silverlight Release|Any CPU.Build.0 = Release|Any CPU
		{94BCB49A-CB7D-4F37-8340-9A9B8CD05614}.V4 Debug|Any CPU.ActiveCfg = Debug|Any CPU
		{94BCB49A-CB7D-4F37-8340-9A9B8CD05614}.V4 Debug|Any CPU.Build.0 = Debug|Any CPU
		{94BCB49A-CB7D-4F37-8340-9A9B8CD05614}.V4 Release|Any CPU.ActiveCfg = Release|Any CPU
		{94BCB49A-CB7D-4F37-8340-9A9B8CD05614}.V4 Release|Any CPU.Build.0 = Release|Any CPU
		{88482AD9-EDB0-45C3-8306-D88B8FF3528D}.Debug|Any CPU.ActiveCfg = Debug|Any CPU
		{88482AD9-EDB0-45C3-8306-D88B8FF3528D}.Debug|Any CPU.Build.0 = Debug|Any CPU
		{88482AD9-EDB0-45C3-8306-D88B8FF3528D}.FxCop|Any CPU.ActiveCfg = Release|Any CPU
		{88482AD9-EDB0-45C3-8306-D88B8FF3528D}.Release|Any CPU.ActiveCfg = Release|Any CPU
		{88482AD9-EDB0-45C3-8306-D88B8FF3528D}.Release|Any CPU.Build.0 = Release|Any CPU
		{88482AD9-EDB0-45C3-8306-D88B8FF3528D}.Silverlight 4 Debug|Any CPU.ActiveCfg = Debug|Any CPU
		{88482AD9-EDB0-45C3-8306-D88B8FF3528D}.Silverlight 4 Release|Any CPU.ActiveCfg = Release|Any CPU
		{88482AD9-EDB0-45C3-8306-D88B8FF3528D}.Silverlight Debug|Any CPU.ActiveCfg = Debug|Any CPU
		{88482AD9-EDB0-45C3-8306-D88B8FF3528D}.Silverlight Release|Any CPU.ActiveCfg = Release|Any CPU
		{88482AD9-EDB0-45C3-8306-D88B8FF3528D}.V4 Debug|Any CPU.ActiveCfg = Debug|Any CPU
		{88482AD9-EDB0-45C3-8306-D88B8FF3528D}.V4 Release|Any CPU.ActiveCfg = Release|Any CPU
		{4DB9B8EA-AD8B-48ED-8329-FB511B4BD218}.Debug|Any CPU.ActiveCfg = Debug|Any CPU
		{4DB9B8EA-AD8B-48ED-8329-FB511B4BD218}.Debug|Any CPU.Build.0 = Debug|Any CPU
		{4DB9B8EA-AD8B-48ED-8329-FB511B4BD218}.FxCop|Any CPU.ActiveCfg = Release|Any CPU
		{4DB9B8EA-AD8B-48ED-8329-FB511B4BD218}.FxCop|Any CPU.Build.0 = Release|Any CPU
		{4DB9B8EA-AD8B-48ED-8329-FB511B4BD218}.Release|Any CPU.ActiveCfg = Release|Any CPU
		{4DB9B8EA-AD8B-48ED-8329-FB511B4BD218}.Release|Any CPU.Build.0 = Release|Any CPU
		{4DB9B8EA-AD8B-48ED-8329-FB511B4BD218}.Silverlight 4 Debug|Any CPU.ActiveCfg = Debug|Any CPU
		{4DB9B8EA-AD8B-48ED-8329-FB511B4BD218}.Silverlight 4 Debug|Any CPU.Build.0 = Debug|Any CPU
		{4DB9B8EA-AD8B-48ED-8329-FB511B4BD218}.Silverlight 4 Release|Any CPU.ActiveCfg = Release|Any CPU
		{4DB9B8EA-AD8B-48ED-8329-FB511B4BD218}.Silverlight 4 Release|Any CPU.Build.0 = Release|Any CPU
		{4DB9B8EA-AD8B-48ED-8329-FB511B4BD218}.Silverlight Debug|Any CPU.ActiveCfg = Debug|Any CPU
		{4DB9B8EA-AD8B-48ED-8329-FB511B4BD218}.Silverlight Debug|Any CPU.Build.0 = Debug|Any CPU
		{4DB9B8EA-AD8B-48ED-8329-FB511B4BD218}.Silverlight Release|Any CPU.ActiveCfg = Release|Any CPU
		{4DB9B8EA-AD8B-48ED-8329-FB511B4BD218}.Silverlight Release|Any CPU.Build.0 = Release|Any CPU
		{4DB9B8EA-AD8B-48ED-8329-FB511B4BD218}.V4 Debug|Any CPU.ActiveCfg = Debug|Any CPU
		{4DB9B8EA-AD8B-48ED-8329-FB511B4BD218}.V4 Debug|Any CPU.Build.0 = Debug|Any CPU
		{4DB9B8EA-AD8B-48ED-8329-FB511B4BD218}.V4 Release|Any CPU.ActiveCfg = Release|Any CPU
		{4DB9B8EA-AD8B-48ED-8329-FB511B4BD218}.V4 Release|Any CPU.Build.0 = Release|Any CPU
	EndGlobalSection
	GlobalSection(SolutionProperties) = preSolution
		HideSolutionNode = FALSE
	EndGlobalSection
EndGlobal
