
Microsoft Visual Studio Solution File, Format Version 12.00
# Visual Studio 2013
VisualStudioVersion = 12.0.31101.0
MinimumVisualStudioVersion = 10.0.40219.1
Project("{2150E333-8FDC-42A3-9474-1A3956D46DE8}") = "Build", "Build", "{85E104F9-0457-40C7-9DC9-6FA11B7B0E36}"
	ProjectSection(SolutionItems) = preProject
		Build\build.cmd = Build\build.cmd
		Build\build.proj = Build\build.proj
	EndProjectSection
EndProject
Project("{FAE04EC0-301F-11D3-BF4B-00C04F79EFBC}") = "Rules.Domain", "Rules.Domain\Rules.Domain.csproj", "{2626BC16-EFCD-4D9F-A5C1-18B49A30187C}"
EndProject
Project("{FAE04EC0-301F-11D3-BF4B-00C04F79EFBC}") = "Rules.Engine", "Rules.Engine\Rules.Engine.csproj", "{DE7F9025-A9DA-47C7-B2ED-75108472500A}"
EndProject
Project("{FAE04EC0-301F-11D3-BF4B-00C04F79EFBC}") = "Microsoft.Scripting", "ThirdParty\Microsoft.Scripting\Microsoft.Scripting.csproj", "{02FF0909-F5AD-48CF-A86A-345E721B7E40}"
EndProject
Project("{FAE04EC0-301F-11D3-BF4B-00C04F79EFBC}") = "Microsoft.Scripting.Core", "ThirdParty\Microsoft.Scripting.Core\Microsoft.Scripting.Core.csproj", "{2AE75F5A-CD1F-4925-9647-AF4D1C282FB4}"
EndProject
Project("{FAE04EC0-301F-11D3-BF4B-00C04F79EFBC}") = "Microsoft.Scripting.ExtensionAttribute", "ThirdParty\Microsoft.Scripting.Core\Microsoft.Scripting.ExtensionAttribute.csproj", "{8B0F1074-750E-4D64-BF23-A1E0F54261E5}"
EndProject
Project("{FAE04EC0-301F-11D3-BF4B-00C04F79EFBC}") = "Rules.Engine.Tests", "Rules.Engine.Tests\Rules.Engine.Tests.csproj", "{CC9EE0F8-3158-4C8D-95B5-A566E1EC844C}"
EndProject
Project("{FAE04EC0-301F-11D3-BF4B-00C04F79EFBC}") = "SurveyWeb", "SurveyWeb\SurveyWeb.csproj", "{5FA45FDA-4439-4631-B43F-944309F6901F}"
EndProject
Project("{FAE04EC0-301F-11D3-BF4B-00C04F79EFBC}") = "SurveyWeb.Tests", "SurveyWeb.Tests\SurveyWeb.Tests.csproj", "{E46BABE3-D807-479C-954A-CBA8B2F7A94C}"
EndProject
Project("{FAE04EC0-301F-11D3-BF4B-00C04F79EFBC}") = "Atum.Domain.Basis", "Atum.Domain.Basis\Atum.Domain.Basis.csproj", "{94BCB49A-CB7D-4F37-8340-9A9B8CD05614}"
EndProject
Project("{FAE04EC0-301F-11D3-BF4B-00C04F79EFBC}") = "Atum.Domain.Common", "Atum.Domain.Common\Atum.Domain.Common.csproj", "{402A24D0-272F-48EE-B533-27D4F7B3D2F5}"
EndProject
Project("{FAE04EC0-301F-11D3-BF4B-00C04F79EFBC}") = "Atum.Domain.Security", "Atum.Domain.Security\Atum.Domain.Security.csproj", "{4DB9B8EA-AD8B-48ED-8329-FB511B4BD218}"
EndProject
Project("{FAE04EC0-301F-11D3-BF4B-00C04F79EFBC}") = "Atum.Domain.Test", "Atum.Domain.Test\Atum.Domain.Test.csproj", "{583FBAD9-A91A-4354-91C3-41185A460AEF}"
EndProject
Project("{FAE04EC0-301F-11D3-BF4B-00C04F79EFBC}") = "Atum.Common", "Atum.Utility\Atum.Common.csproj", "{88482AD9-EDB0-45C3-8306-D88B8FF3528D}"
EndProject
Project("{FAE04EC0-301F-11D3-BF4B-00C04F79EFBC}") = "Atum.Domain.Healthcare", "Atum.Domain.Healthcare\Atum.Domain.Healthcare.csproj", "{1CFE9612-C8E2-4271-9408-E7871CD87477}"
EndProject
Project("{2150E333-8FDC-42A3-9474-1A3956D46DE8}") = ".nuget", ".nuget", "{EFBB32E9-5215-41BC-A4AE-0E8C7B25C284}"
	ProjectSection(SolutionItems) = preProject
		.nuget\NuGet.Config = .nuget\NuGet.Config
		.nuget\NuGet.exe = .nuget\NuGet.exe
		.nuget\NuGet.targets = .nuget\NuGet.targets
	EndProjectSection
EndProject
Project("{FAE04EC0-301F-11D3-BF4B-00C04F79EFBC}") = "Atum.Database.Surveillance", "Atum.Database.Surveillance\Atum.Database.Surveillance.csproj", "{5B4ECA76-AD97-41B6-A802-E9AA34A95A91}"
EndProject
Project("{FAE04EC0-301F-11D3-BF4B-00C04F79EFBC}") = "Atum.Domain.QualityManagement", "Atum.Domain.QualityManagement\Atum.Domain.QualityManagement.csproj", "{D54C3D26-26C2-4638-8919-59F511E61827}"
EndProject
Project("{FAE04EC0-301F-11D3-BF4B-00C04F79EFBC}") = "Atum.Domain.SurveyManagement", "Atum.Domain.Surveillance\Atum.Domain.SurveyManagement.csproj", "{8926936F-EE5C-4307-BCB5-570364D8669D}"
EndProject
Project("{FAE04EC0-301F-11D3-BF4B-00C04F79EFBC}") = "Atum.Domain.NLP", "Atum.Domain.NLP\Atum.Domain.NLP.csproj", "{B456C946-4B4A-4C03-9EE6-818CA30ED84D}"
EndProject
Project("{FAE04EC0-301F-11D3-BF4B-00C04F79EFBC}") = "SharpEntropy", "SharpEntropy\SharpEntropy.csproj", "{BF0BF8B0-1894-4EDF-BF51-F370B063797E}"
EndProject
Project("{FAE04EC0-301F-11D3-BF4B-00C04F79EFBC}") = "OpenNLP", "OpenNLP\OpenNLP.csproj", "{B70185DF-81FD-4417-914F-7C90E65E7D9F}"
EndProject
Project("{FAE04EC0-301F-11D3-BF4B-00C04F79EFBC}") = "Atum.Repository.Surveillance", "Atum.Repository.Surveillance\Atum.Repository.Surveillance.csproj", "{2A21EB8D-DEB5-4037-8A87-9B210130314F}"
EndProject
Project("{FAE04EC0-301F-11D3-BF4B-00C04F79EFBC}") = "Atum.Repository.Test", "Atum.Repository.Test\Atum.Repository.Test.csproj", "{32F6899A-6957-4777-96A5-D611DE825CAF}"
EndProject
Global
	GlobalSection(SolutionConfigurationPlatforms) = preSolution
		Debug|Any CPU = Debug|Any CPU
		FxCop|Any CPU = FxCop|Any CPU
		Release|Any CPU = Release|Any CPU
		Silverlight 4 Debug|Any CPU = Silverlight 4 Debug|Any CPU
		Silverlight 4 Release|Any CPU = Silverlight 4 Release|Any CPU
		Silverlight Debug|Any CPU = Silverlight Debug|Any CPU
		Silverlight Release|Any CPU = Silverlight Release|Any CPU
		V4 Debug|Any CPU = V4 Debug|Any CPU
		V4 Release|Any CPU = V4 Release|Any CPU
	EndGlobalSection
	GlobalSection(ProjectConfigurationPlatforms) = postSolution
		{2626BC16-EFCD-4D9F-A5C1-18B49A30187C}.Debug|Any CPU.ActiveCfg = Debug|Any CPU
		{2626BC16-EFCD-4D9F-A5C1-18B49A30187C}.Debug|Any CPU.Build.0 = Debug|Any CPU
		{2626BC16-EFCD-4D9F-A5C1-18B49A30187C}.FxCop|Any CPU.ActiveCfg = Release|Any CPU
		{2626BC16-EFCD-4D9F-A5C1-18B49A30187C}.FxCop|Any CPU.Build.0 = Release|Any CPU
		{2626BC16-EFCD-4D9F-A5C1-18B49A30187C}.Release|Any CPU.ActiveCfg = Release|Any CPU
		{2626BC16-EFCD-4D9F-A5C1-18B49A30187C}.Release|Any CPU.Build.0 = Release|Any CPU
		{2626BC16-EFCD-4D9F-A5C1-18B49A30187C}.Silverlight 4 Debug|Any CPU.ActiveCfg = Debug|Any CPU
		{2626BC16-EFCD-4D9F-A5C1-18B49A30187C}.Silverlight 4 Debug|Any CPU.Build.0 = Debug|Any CPU
		{2626BC16-EFCD-4D9F-A5C1-18B49A30187C}.Silverlight 4 Release|Any CPU.ActiveCfg = Release|Any CPU
		{2626BC16-EFCD-4D9F-A5C1-18B49A30187C}.Silverlight 4 Release|Any CPU.Build.0 = Release|Any CPU
		{2626BC16-EFCD-4D9F-A5C1-18B49A30187C}.Silverlight Debug|Any CPU.ActiveCfg = Debug|Any CPU
		{2626BC16-EFCD-4D9F-A5C1-18B49A30187C}.Silverlight Debug|Any CPU.Build.0 = Debug|Any CPU
		{2626BC16-EFCD-4D9F-A5C1-18B49A30187C}.Silverlight Release|Any CPU.ActiveCfg = Release|Any CPU
		{2626BC16-EFCD-4D9F-A5C1-18B49A30187C}.Silverlight Release|Any CPU.Build.0 = Release|Any CPU
		{2626BC16-EFCD-4D9F-A5C1-18B49A30187C}.V4 Debug|Any CPU.ActiveCfg = Debug|Any CPU
		{2626BC16-EFCD-4D9F-A5C1-18B49A30187C}.V4 Debug|Any CPU.Build.0 = Debug|Any CPU
		{2626BC16-EFCD-4D9F-A5C1-18B49A30187C}.V4 Release|Any CPU.ActiveCfg = Release|Any CPU
		{2626BC16-EFCD-4D9F-A5C1-18B49A30187C}.V4 Release|Any CPU.Build.0 = Release|Any CPU
		{DE7F9025-A9DA-47C7-B2ED-75108472500A}.Debug|Any CPU.ActiveCfg = Debug|Any CPU
		{DE7F9025-A9DA-47C7-B2ED-75108472500A}.Debug|Any CPU.Build.0 = Debug|Any CPU
		{DE7F9025-A9DA-47C7-B2ED-75108472500A}.FxCop|Any CPU.ActiveCfg = Release|Any CPU
		{DE7F9025-A9DA-47C7-B2ED-75108472500A}.FxCop|Any CPU.Build.0 = Release|Any CPU
		{DE7F9025-A9DA-47C7-B2ED-75108472500A}.Release|Any CPU.ActiveCfg = Release|Any CPU
		{DE7F9025-A9DA-47C7-B2ED-75108472500A}.Release|Any CPU.Build.0 = Release|Any CPU
		{DE7F9025-A9DA-47C7-B2ED-75108472500A}.Silverlight 4 Debug|Any CPU.ActiveCfg = Debug|Any CPU
		{DE7F9025-A9DA-47C7-B2ED-75108472500A}.Silverlight 4 Debug|Any CPU.Build.0 = Debug|Any CPU
		{DE7F9025-A9DA-47C7-B2ED-75108472500A}.Silverlight 4 Release|Any CPU.ActiveCfg = Release|Any CPU
		{DE7F9025-A9DA-47C7-B2ED-75108472500A}.Silverlight 4 Release|Any CPU.Build.0 = Release|Any CPU
		{DE7F9025-A9DA-47C7-B2ED-75108472500A}.Silverlight Debug|Any CPU.ActiveCfg = Debug|Any CPU
		{DE7F9025-A9DA-47C7-B2ED-75108472500A}.Silverlight Debug|Any CPU.Build.0 = Debug|Any CPU
		{DE7F9025-A9DA-47C7-B2ED-75108472500A}.Silverlight Release|Any CPU.ActiveCfg = Release|Any CPU
		{DE7F9025-A9DA-47C7-B2ED-75108472500A}.Silverlight Release|Any CPU.Build.0 = Release|Any CPU
		{DE7F9025-A9DA-47C7-B2ED-75108472500A}.V4 Debug|Any CPU.ActiveCfg = Debug|Any CPU
		{DE7F9025-A9DA-47C7-B2ED-75108472500A}.V4 Debug|Any CPU.Build.0 = Debug|Any CPU
		{DE7F9025-A9DA-47C7-B2ED-75108472500A}.V4 Release|Any CPU.ActiveCfg = Release|Any CPU
		{DE7F9025-A9DA-47C7-B2ED-75108472500A}.V4 Release|Any CPU.Build.0 = Release|Any CPU
		{02FF0909-F5AD-48CF-A86A-345E721B7E40}.Debug|Any CPU.ActiveCfg = Debug|Any CPU
		{02FF0909-F5AD-48CF-A86A-345E721B7E40}.Debug|Any CPU.Build.0 = Debug|Any CPU
		{02FF0909-F5AD-48CF-A86A-345E721B7E40}.FxCop|Any CPU.ActiveCfg = FxCop|Any CPU
		{02FF0909-F5AD-48CF-A86A-345E721B7E40}.FxCop|Any CPU.Build.0 = FxCop|Any CPU
		{02FF0909-F5AD-48CF-A86A-345E721B7E40}.Release|Any CPU.ActiveCfg = Release|Any CPU
		{02FF0909-F5AD-48CF-A86A-345E721B7E40}.Release|Any CPU.Build.0 = Release|Any CPU
		{02FF0909-F5AD-48CF-A86A-345E721B7E40}.Silverlight 4 Debug|Any CPU.ActiveCfg = Silverlight 4 Debug|Any CPU
		{02FF0909-F5AD-48CF-A86A-345E721B7E40}.Silverlight 4 Debug|Any CPU.Build.0 = Silverlight 4 Debug|Any CPU
		{02FF0909-F5AD-48CF-A86A-345E721B7E40}.Silverlight 4 Release|Any CPU.ActiveCfg = Silverlight 4 Release|Any CPU
		{02FF0909-F5AD-48CF-A86A-345E721B7E40}.Silverlight 4 Release|Any CPU.Build.0 = Silverlight 4 Release|Any CPU
		{02FF0909-F5AD-48CF-A86A-345E721B7E40}.Silverlight Debug|Any CPU.ActiveCfg = Silverlight Debug|Any CPU
		{02FF0909-F5AD-48CF-A86A-345E721B7E40}.Silverlight Debug|Any CPU.Build.0 = Silverlight Debug|Any CPU
		{02FF0909-F5AD-48CF-A86A-345E721B7E40}.Silverlight Release|Any CPU.ActiveCfg = Silverlight Release|Any CPU
		{02FF0909-F5AD-48CF-A86A-345E721B7E40}.Silverlight Release|Any CPU.Build.0 = Silverlight Release|Any CPU
		{02FF0909-F5AD-48CF-A86A-345E721B7E40}.V4 Debug|Any CPU.ActiveCfg = V4 Debug|Any CPU
		{02FF0909-F5AD-48CF-A86A-345E721B7E40}.V4 Debug|Any CPU.Build.0 = V4 Debug|Any CPU
		{02FF0909-F5AD-48CF-A86A-345E721B7E40}.V4 Release|Any CPU.ActiveCfg = V4 Release|Any CPU
		{02FF0909-F5AD-48CF-A86A-345E721B7E40}.V4 Release|Any CPU.Build.0 = V4 Release|Any CPU
		{2AE75F5A-CD1F-4925-9647-AF4D1C282FB4}.Debug|Any CPU.ActiveCfg = Debug|Any CPU
		{2AE75F5A-CD1F-4925-9647-AF4D1C282FB4}.Debug|Any CPU.Build.0 = Debug|Any CPU
		{2AE75F5A-CD1F-4925-9647-AF4D1C282FB4}.FxCop|Any CPU.ActiveCfg = FxCop|Any CPU
		{2AE75F5A-CD1F-4925-9647-AF4D1C282FB4}.FxCop|Any CPU.Build.0 = FxCop|Any CPU
		{2AE75F5A-CD1F-4925-9647-AF4D1C282FB4}.Release|Any CPU.ActiveCfg = Release|Any CPU
		{2AE75F5A-CD1F-4925-9647-AF4D1C282FB4}.Release|Any CPU.Build.0 = Release|Any CPU
		{2AE75F5A-CD1F-4925-9647-AF4D1C282FB4}.Silverlight 4 Debug|Any CPU.ActiveCfg = Silverlight Release|Any CPU
		{2AE75F5A-CD1F-4925-9647-AF4D1C282FB4}.Silverlight 4 Debug|Any CPU.Build.0 = Silverlight Release|Any CPU
		{2AE75F5A-CD1F-4925-9647-AF4D1C282FB4}.Silverlight 4 Release|Any CPU.ActiveCfg = Silverlight Release|Any CPU
		{2AE75F5A-CD1F-4925-9647-AF4D1C282FB4}.Silverlight 4 Release|Any CPU.Build.0 = Silverlight Release|Any CPU
		{2AE75F5A-CD1F-4925-9647-AF4D1C282FB4}.Silverlight Debug|Any CPU.ActiveCfg = Silverlight Debug|Any CPU
		{2AE75F5A-CD1F-4925-9647-AF4D1C282FB4}.Silverlight Debug|Any CPU.Build.0 = Silverlight Debug|Any CPU
		{2AE75F5A-CD1F-4925-9647-AF4D1C282FB4}.Silverlight Release|Any CPU.ActiveCfg = Silverlight Release|Any CPU
		{2AE75F5A-CD1F-4925-9647-AF4D1C282FB4}.Silverlight Release|Any CPU.Build.0 = Silverlight Release|Any CPU
		{2AE75F5A-CD1F-4925-9647-AF4D1C282FB4}.V4 Debug|Any CPU.ActiveCfg = Debug|Any CPU
		{2AE75F5A-CD1F-4925-9647-AF4D1C282FB4}.V4 Debug|Any CPU.Build.0 = Debug|Any CPU
		{2AE75F5A-CD1F-4925-9647-AF4D1C282FB4}.V4 Release|Any CPU.ActiveCfg = Release|Any CPU
		{2AE75F5A-CD1F-4925-9647-AF4D1C282FB4}.V4 Release|Any CPU.Build.0 = Release|Any CPU
		{8B0F1074-750E-4D64-BF23-A1E0F54261E5}.Debug|Any CPU.ActiveCfg = Debug|Any CPU
		{8B0F1074-750E-4D64-BF23-A1E0F54261E5}.Debug|Any CPU.Build.0 = Debug|Any CPU
		{8B0F1074-750E-4D64-BF23-A1E0F54261E5}.FxCop|Any CPU.ActiveCfg = FxCop|Any CPU
		{8B0F1074-750E-4D64-BF23-A1E0F54261E5}.FxCop|Any CPU.Build.0 = FxCop|Any CPU
		{8B0F1074-750E-4D64-BF23-A1E0F54261E5}.Release|Any CPU.ActiveCfg = Release|Any CPU
		{8B0F1074-750E-4D64-BF23-A1E0F54261E5}.Release|Any CPU.Build.0 = Release|Any CPU
		{8B0F1074-750E-4D64-BF23-A1E0F54261E5}.Silverlight 4 Debug|Any CPU.ActiveCfg = Silverlight Release|Any CPU
		{8B0F1074-750E-4D64-BF23-A1E0F54261E5}.Silverlight 4 Debug|Any CPU.Build.0 = Silverlight Release|Any CPU
		{8B0F1074-750E-4D64-BF23-A1E0F54261E5}.Silverlight 4 Release|Any CPU.ActiveCfg = Silverlight Release|Any CPU
		{8B0F1074-750E-4D64-BF23-A1E0F54261E5}.Silverlight 4 Release|Any CPU.Build.0 = Silverlight Release|Any CPU
		{8B0F1074-750E-4D64-BF23-A1E0F54261E5}.Silverlight Debug|Any CPU.ActiveCfg = Silverlight Debug|Any CPU
		{8B0F1074-750E-4D64-BF23-A1E0F54261E5}.Silverlight Debug|Any CPU.Build.0 = Silverlight Debug|Any CPU
		{8B0F1074-750E-4D64-BF23-A1E0F54261E5}.Silverlight Release|Any CPU.ActiveCfg = Silverlight Release|Any CPU
		{8B0F1074-750E-4D64-BF23-A1E0F54261E5}.Silverlight Release|Any CPU.Build.0 = Silverlight Release|Any CPU
		{8B0F1074-750E-4D64-BF23-A1E0F54261E5}.V4 Debug|Any CPU.ActiveCfg = Debug|Any CPU
		{8B0F1074-750E-4D64-BF23-A1E0F54261E5}.V4 Debug|Any CPU.Build.0 = Debug|Any CPU
		{8B0F1074-750E-4D64-BF23-A1E0F54261E5}.V4 Release|Any CPU.ActiveCfg = Release|Any CPU
		{8B0F1074-750E-4D64-BF23-A1E0F54261E5}.V4 Release|Any CPU.Build.0 = Release|Any CPU
		{CC9EE0F8-3158-4C8D-95B5-A566E1EC844C}.Debug|Any CPU.ActiveCfg = Debug|Any CPU
		{CC9EE0F8-3158-4C8D-95B5-A566E1EC844C}.Debug|Any CPU.Build.0 = Debug|Any CPU
		{CC9EE0F8-3158-4C8D-95B5-A566E1EC844C}.FxCop|Any CPU.ActiveCfg = Release|Any CPU
		{CC9EE0F8-3158-4C8D-95B5-A566E1EC844C}.FxCop|Any CPU.Build.0 = Release|Any CPU
		{CC9EE0F8-3158-4C8D-95B5-A566E1EC844C}.Release|Any CPU.ActiveCfg = Release|Any CPU
		{CC9EE0F8-3158-4C8D-95B5-A566E1EC844C}.Release|Any CPU.Build.0 = Release|Any CPU
		{CC9EE0F8-3158-4C8D-95B5-A566E1EC844C}.Silverlight 4 Debug|Any CPU.ActiveCfg = Debug|Any CPU
		{CC9EE0F8-3158-4C8D-95B5-A566E1EC844C}.Silverlight 4 Debug|Any CPU.Build.0 = Debug|Any CPU
		{CC9EE0F8-3158-4C8D-95B5-A566E1EC844C}.Silverlight 4 Release|Any CPU.ActiveCfg = Release|Any CPU
		{CC9EE0F8-3158-4C8D-95B5-A566E1EC844C}.Silverlight 4 Release|Any CPU.Build.0 = Release|Any CPU
		{CC9EE0F8-3158-4C8D-95B5-A566E1EC844C}.Silverlight Debug|Any CPU.ActiveCfg = Debug|Any CPU
		{CC9EE0F8-3158-4C8D-95B5-A566E1EC844C}.Silverlight Debug|Any CPU.Build.0 = Debug|Any CPU
		{CC9EE0F8-3158-4C8D-95B5-A566E1EC844C}.Silverlight Release|Any CPU.ActiveCfg = Release|Any CPU
		{CC9EE0F8-3158-4C8D-95B5-A566E1EC844C}.Silverlight Release|Any CPU.Build.0 = Release|Any CPU
		{CC9EE0F8-3158-4C8D-95B5-A566E1EC844C}.V4 Debug|Any CPU.ActiveCfg = Debug|Any CPU
		{CC9EE0F8-3158-4C8D-95B5-A566E1EC844C}.V4 Debug|Any CPU.Build.0 = Debug|Any CPU
		{CC9EE0F8-3158-4C8D-95B5-A566E1EC844C}.V4 Release|Any CPU.ActiveCfg = Release|Any CPU
		{CC9EE0F8-3158-4C8D-95B5-A566E1EC844C}.V4 Release|Any CPU.Build.0 = Release|Any CPU
		{5FA45FDA-4439-4631-B43F-944309F6901F}.Debug|Any CPU.ActiveCfg = Debug|Any CPU
		{5FA45FDA-4439-4631-B43F-944309F6901F}.Debug|Any CPU.Build.0 = Debug|Any CPU
		{5FA45FDA-4439-4631-B43F-944309F6901F}.FxCop|Any CPU.ActiveCfg = Release|Any CPU
		{5FA45FDA-4439-4631-B43F-944309F6901F}.FxCop|Any CPU.Build.0 = Release|Any CPU
		{5FA45FDA-4439-4631-B43F-944309F6901F}.Release|Any CPU.ActiveCfg = Release|Any CPU
		{5FA45FDA-4439-4631-B43F-944309F6901F}.Release|Any CPU.Build.0 = Release|Any CPU
		{5FA45FDA-4439-4631-B43F-944309F6901F}.Silverlight 4 Debug|Any CPU.ActiveCfg = Debug|Any CPU
		{5FA45FDA-4439-4631-B43F-944309F6901F}.Silverlight 4 Debug|Any CPU.Build.0 = Debug|Any CPU
		{5FA45FDA-4439-4631-B43F-944309F6901F}.Silverlight 4 Release|Any CPU.ActiveCfg = Release|Any CPU
		{5FA45FDA-4439-4631-B43F-944309F6901F}.Silverlight 4 Release|Any CPU.Build.0 = Release|Any CPU
		{5FA45FDA-4439-4631-B43F-944309F6901F}.Silverlight Debug|Any CPU.ActiveCfg = Debug|Any CPU
		{5FA45FDA-4439-4631-B43F-944309F6901F}.Silverlight Debug|Any CPU.Build.0 = Debug|Any CPU
		{5FA45FDA-4439-4631-B43F-944309F6901F}.Silverlight Release|Any CPU.ActiveCfg = Release|Any CPU
		{5FA45FDA-4439-4631-B43F-944309F6901F}.Silverlight Release|Any CPU.Build.0 = Release|Any CPU
		{5FA45FDA-4439-4631-B43F-944309F6901F}.V4 Debug|Any CPU.ActiveCfg = Debug|Any CPU
		{5FA45FDA-4439-4631-B43F-944309F6901F}.V4 Debug|Any CPU.Build.0 = Debug|Any CPU
		{5FA45FDA-4439-4631-B43F-944309F6901F}.V4 Release|Any CPU.ActiveCfg = Release|Any CPU
		{5FA45FDA-4439-4631-B43F-944309F6901F}.V4 Release|Any CPU.Build.0 = Release|Any CPU
		{E46BABE3-D807-479C-954A-CBA8B2F7A94C}.Debug|Any CPU.ActiveCfg = Debug|Any CPU
		{E46BABE3-D807-479C-954A-CBA8B2F7A94C}.Debug|Any CPU.Build.0 = Debug|Any CPU
		{E46BABE3-D807-479C-954A-CBA8B2F7A94C}.FxCop|Any CPU.ActiveCfg = Release|Any CPU
		{E46BABE3-D807-479C-954A-CBA8B2F7A94C}.FxCop|Any CPU.Build.0 = Release|Any CPU
		{E46BABE3-D807-479C-954A-CBA8B2F7A94C}.Release|Any CPU.ActiveCfg = Release|Any CPU
		{E46BABE3-D807-479C-954A-CBA8B2F7A94C}.Release|Any CPU.Build.0 = Release|Any CPU
		{E46BABE3-D807-479C-954A-CBA8B2F7A94C}.Silverlight 4 Debug|Any CPU.ActiveCfg = Debug|Any CPU
		{E46BABE3-D807-479C-954A-CBA8B2F7A94C}.Silverlight 4 Debug|Any CPU.Build.0 = Debug|Any CPU
		{E46BABE3-D807-479C-954A-CBA8B2F7A94C}.Silverlight 4 Release|Any CPU.ActiveCfg = Release|Any CPU
		{E46BABE3-D807-479C-954A-CBA8B2F7A94C}.Silverlight 4 Release|Any CPU.Build.0 = Release|Any CPU
		{E46BABE3-D807-479C-954A-CBA8B2F7A94C}.Silverlight Debug|Any CPU.ActiveCfg = Debug|Any CPU
		{E46BABE3-D807-479C-954A-CBA8B2F7A94C}.Silverlight Debug|Any CPU.Build.0 = Debug|Any CPU
		{E46BABE3-D807-479C-954A-CBA8B2F7A94C}.Silverlight Release|Any CPU.ActiveCfg = Release|Any CPU
		{E46BABE3-D807-479C-954A-CBA8B2F7A94C}.Silverlight Release|Any CPU.Build.0 = Release|Any CPU
		{E46BABE3-D807-479C-954A-CBA8B2F7A94C}.V4 Debug|Any CPU.ActiveCfg = Debug|Any CPU
		{E46BABE3-D807-479C-954A-CBA8B2F7A94C}.V4 Debug|Any CPU.Build.0 = Debug|Any CPU
		{E46BABE3-D807-479C-954A-CBA8B2F7A94C}.V4 Release|Any CPU.ActiveCfg = Release|Any CPU
		{E46BABE3-D807-479C-954A-CBA8B2F7A94C}.V4 Release|Any CPU.Build.0 = Release|Any CPU
		{94BCB49A-CB7D-4F37-8340-9A9B8CD05614}.Debug|Any CPU.ActiveCfg = Debug|Any CPU
		{94BCB49A-CB7D-4F37-8340-9A9B8CD05614}.Debug|Any CPU.Build.0 = Debug|Any CPU
		{94BCB49A-CB7D-4F37-8340-9A9B8CD05614}.FxCop|Any CPU.ActiveCfg = Release|Any CPU
		{94BCB49A-CB7D-4F37-8340-9A9B8CD05614}.FxCop|Any CPU.Build.0 = Release|Any CPU
		{94BCB49A-CB7D-4F37-8340-9A9B8CD05614}.Release|Any CPU.ActiveCfg = Release|Any CPU
		{94BCB49A-CB7D-4F37-8340-9A9B8CD05614}.Release|Any CPU.Build.0 = Release|Any CPU
		{94BCB49A-CB7D-4F37-8340-9A9B8CD05614}.Silverlight 4 Debug|Any CPU.ActiveCfg = Debug|Any CPU
		{94BCB49A-CB7D-4F37-8340-9A9B8CD05614}.Silverlight 4 Debug|Any CPU.Build.0 = Debug|Any CPU
		{94BCB49A-CB7D-4F37-8340-9A9B8CD05614}.Silverlight 4 Release|Any CPU.ActiveCfg = Release|Any CPU
		{94BCB49A-CB7D-4F37-8340-9A9B8CD05614}.Silverlight 4 Release|Any CPU.Build.0 = Release|Any CPU
		{94BCB49A-CB7D-4F37-8340-9A9B8CD05614}.Silverlight Debug|Any CPU.ActiveCfg = Debug|Any CPU
		{94BCB49A-CB7D-4F37-8340-9A9B8CD05614}.Silverlight Debug|Any CPU.Build.0 = Debug|Any CPU
		{94BCB49A-CB7D-4F37-8340-9A9B8CD05614}.Silverlight Release|Any CPU.ActiveCfg = Release|Any CPU
		{94BCB49A-CB7D-4F37-8340-9A9B8CD05614}.Silverlight Release|Any CPU.Build.0 = Release|Any CPU
		{94BCB49A-CB7D-4F37-8340-9A9B8CD05614}.V4 Debug|Any CPU.ActiveCfg = Debug|Any CPU
		{94BCB49A-CB7D-4F37-8340-9A9B8CD05614}.V4 Debug|Any CPU.Build.0 = Debug|Any CPU
		{94BCB49A-CB7D-4F37-8340-9A9B8CD05614}.V4 Release|Any CPU.ActiveCfg = Release|Any CPU
		{94BCB49A-CB7D-4F37-8340-9A9B8CD05614}.V4 Release|Any CPU.Build.0 = Release|Any CPU
		{402A24D0-272F-48EE-B533-27D4F7B3D2F5}.Debug|Any CPU.ActiveCfg = Debug|Any CPU
		{402A24D0-272F-48EE-B533-27D4F7B3D2F5}.Debug|Any CPU.Build.0 = Debug|Any CPU
		{402A24D0-272F-48EE-B533-27D4F7B3D2F5}.FxCop|Any CPU.ActiveCfg = Release|Any CPU
		{402A24D0-272F-48EE-B533-27D4F7B3D2F5}.FxCop|Any CPU.Build.0 = Release|Any CPU
		{402A24D0-272F-48EE-B533-27D4F7B3D2F5}.Release|Any CPU.ActiveCfg = Release|Any CPU
		{402A24D0-272F-48EE-B533-27D4F7B3D2F5}.Release|Any CPU.Build.0 = Release|Any CPU
		{402A24D0-272F-48EE-B533-27D4F7B3D2F5}.Silverlight 4 Debug|Any CPU.ActiveCfg = Debug|Any CPU
		{402A24D0-272F-48EE-B533-27D4F7B3D2F5}.Silverlight 4 Debug|Any CPU.Build.0 = Debug|Any CPU
		{402A24D0-272F-48EE-B533-27D4F7B3D2F5}.Silverlight 4 Release|Any CPU.ActiveCfg = Release|Any CPU
		{402A24D0-272F-48EE-B533-27D4F7B3D2F5}.Silverlight 4 Release|Any CPU.Build.0 = Release|Any CPU
		{402A24D0-272F-48EE-B533-27D4F7B3D2F5}.Silverlight Debug|Any CPU.ActiveCfg = Debug|Any CPU
		{402A24D0-272F-48EE-B533-27D4F7B3D2F5}.Silverlight Debug|Any CPU.Build.0 = Debug|Any CPU
		{402A24D0-272F-48EE-B533-27D4F7B3D2F5}.Silverlight Release|Any CPU.ActiveCfg = Release|Any CPU
		{402A24D0-272F-48EE-B533-27D4F7B3D2F5}.Silverlight Release|Any CPU.Build.0 = Release|Any CPU
		{402A24D0-272F-48EE-B533-27D4F7B3D2F5}.V4 Debug|Any CPU.ActiveCfg = Debug|Any CPU
		{402A24D0-272F-48EE-B533-27D4F7B3D2F5}.V4 Debug|Any CPU.Build.0 = Debug|Any CPU
		{402A24D0-272F-48EE-B533-27D4F7B3D2F5}.V4 Release|Any CPU.ActiveCfg = Release|Any CPU
		{402A24D0-272F-48EE-B533-27D4F7B3D2F5}.V4 Release|Any CPU.Build.0 = Release|Any CPU
		{4DB9B8EA-AD8B-48ED-8329-FB511B4BD218}.Debug|Any CPU.ActiveCfg = Debug|Any CPU
		{4DB9B8EA-AD8B-48ED-8329-FB511B4BD218}.Debug|Any CPU.Build.0 = Debug|Any CPU
		{4DB9B8EA-AD8B-48ED-8329-FB511B4BD218}.FxCop|Any CPU.ActiveCfg = Release|Any CPU
		{4DB9B8EA-AD8B-48ED-8329-FB511B4BD218}.FxCop|Any CPU.Build.0 = Release|Any CPU
		{4DB9B8EA-AD8B-48ED-8329-FB511B4BD218}.Release|Any CPU.ActiveCfg = Release|Any CPU
		{4DB9B8EA-AD8B-48ED-8329-FB511B4BD218}.Release|Any CPU.Build.0 = Release|Any CPU
		{4DB9B8EA-AD8B-48ED-8329-FB511B4BD218}.Silverlight 4 Debug|Any CPU.ActiveCfg = Debug|Any CPU
		{4DB9B8EA-AD8B-48ED-8329-FB511B4BD218}.Silverlight 4 Debug|Any CPU.Build.0 = Debug|Any CPU
		{4DB9B8EA-AD8B-48ED-8329-FB511B4BD218}.Silverlight 4 Release|Any CPU.ActiveCfg = Release|Any CPU
		{4DB9B8EA-AD8B-48ED-8329-FB511B4BD218}.Silverlight 4 Release|Any CPU.Build.0 = Release|Any CPU
		{4DB9B8EA-AD8B-48ED-8329-FB511B4BD218}.Silverlight Debug|Any CPU.ActiveCfg = Debug|Any CPU
		{4DB9B8EA-AD8B-48ED-8329-FB511B4BD218}.Silverlight Debug|Any CPU.Build.0 = Debug|Any CPU
		{4DB9B8EA-AD8B-48ED-8329-FB511B4BD218}.Silverlight Release|Any CPU.ActiveCfg = Release|Any CPU
		{4DB9B8EA-AD8B-48ED-8329-FB511B4BD218}.Silverlight Release|Any CPU.Build.0 = Release|Any CPU
		{4DB9B8EA-AD8B-48ED-8329-FB511B4BD218}.V4 Debug|Any CPU.ActiveCfg = Debug|Any CPU
		{4DB9B8EA-AD8B-48ED-8329-FB511B4BD218}.V4 Debug|Any CPU.Build.0 = Debug|Any CPU
		{4DB9B8EA-AD8B-48ED-8329-FB511B4BD218}.V4 Release|Any CPU.ActiveCfg = Release|Any CPU
		{4DB9B8EA-AD8B-48ED-8329-FB511B4BD218}.V4 Release|Any CPU.Build.0 = Release|Any CPU
		{583FBAD9-A91A-4354-91C3-41185A460AEF}.Debug|Any CPU.ActiveCfg = Debug|Any CPU
		{583FBAD9-A91A-4354-91C3-41185A460AEF}.Debug|Any CPU.Build.0 = Debug|Any CPU
		{583FBAD9-A91A-4354-91C3-41185A460AEF}.FxCop|Any CPU.ActiveCfg = Release|Any CPU
		{583FBAD9-A91A-4354-91C3-41185A460AEF}.FxCop|Any CPU.Build.0 = Release|Any CPU
		{583FBAD9-A91A-4354-91C3-41185A460AEF}.Release|Any CPU.ActiveCfg = Release|Any CPU
		{583FBAD9-A91A-4354-91C3-41185A460AEF}.Release|Any CPU.Build.0 = Release|Any CPU
		{583FBAD9-A91A-4354-91C3-41185A460AEF}.Silverlight 4 Debug|Any CPU.ActiveCfg = Debug|Any CPU
		{583FBAD9-A91A-4354-91C3-41185A460AEF}.Silverlight 4 Debug|Any CPU.Build.0 = Debug|Any CPU
		{583FBAD9-A91A-4354-91C3-41185A460AEF}.Silverlight 4 Release|Any CPU.ActiveCfg = Release|Any CPU
		{583FBAD9-A91A-4354-91C3-41185A460AEF}.Silverlight 4 Release|Any CPU.Build.0 = Release|Any CPU
		{583FBAD9-A91A-4354-91C3-41185A460AEF}.Silverlight Debug|Any CPU.ActiveCfg = Debug|Any CPU
		{583FBAD9-A91A-4354-91C3-41185A460AEF}.Silverlight Debug|Any CPU.Build.0 = Debug|Any CPU
		{583FBAD9-A91A-4354-91C3-41185A460AEF}.Silverlight Release|Any CPU.ActiveCfg = Release|Any CPU
		{583FBAD9-A91A-4354-91C3-41185A460AEF}.Silverlight Release|Any CPU.Build.0 = Release|Any CPU
		{583FBAD9-A91A-4354-91C3-41185A460AEF}.V4 Debug|Any CPU.ActiveCfg = Debug|Any CPU
		{583FBAD9-A91A-4354-91C3-41185A460AEF}.V4 Debug|Any CPU.Build.0 = Debug|Any CPU
		{583FBAD9-A91A-4354-91C3-41185A460AEF}.V4 Release|Any CPU.ActiveCfg = Release|Any CPU
		{583FBAD9-A91A-4354-91C3-41185A460AEF}.V4 Release|Any CPU.Build.0 = Release|Any CPU
		{88482AD9-EDB0-45C3-8306-D88B8FF3528D}.Debug|Any CPU.ActiveCfg = Debug|Any CPU
		{88482AD9-EDB0-45C3-8306-D88B8FF3528D}.Debug|Any CPU.Build.0 = Debug|Any CPU
		{88482AD9-EDB0-45C3-8306-D88B8FF3528D}.FxCop|Any CPU.ActiveCfg = Release|Any CPU
		{88482AD9-EDB0-45C3-8306-D88B8FF3528D}.FxCop|Any CPU.Build.0 = Release|Any CPU
		{88482AD9-EDB0-45C3-8306-D88B8FF3528D}.Release|Any CPU.ActiveCfg = Release|Any CPU
		{88482AD9-EDB0-45C3-8306-D88B8FF3528D}.Release|Any CPU.Build.0 = Release|Any CPU
		{88482AD9-EDB0-45C3-8306-D88B8FF3528D}.Silverlight 4 Debug|Any CPU.ActiveCfg = Debug|Any CPU
		{88482AD9-EDB0-45C3-8306-D88B8FF3528D}.Silverlight 4 Debug|Any CPU.Build.0 = Debug|Any CPU
		{88482AD9-EDB0-45C3-8306-D88B8FF3528D}.Silverlight 4 Release|Any CPU.ActiveCfg = Release|Any CPU
		{88482AD9-EDB0-45C3-8306-D88B8FF3528D}.Silverlight 4 Release|Any CPU.Build.0 = Release|Any CPU
		{88482AD9-EDB0-45C3-8306-D88B8FF3528D}.Silverlight Debug|Any CPU.ActiveCfg = Debug|Any CPU
		{88482AD9-EDB0-45C3-8306-D88B8FF3528D}.Silverlight Debug|Any CPU.Build.0 = Debug|Any CPU
		{88482AD9-EDB0-45C3-8306-D88B8FF3528D}.Silverlight Release|Any CPU.ActiveCfg = Release|Any CPU
		{88482AD9-EDB0-45C3-8306-D88B8FF3528D}.Silverlight Release|Any CPU.Build.0 = Release|Any CPU
		{88482AD9-EDB0-45C3-8306-D88B8FF3528D}.V4 Debug|Any CPU.ActiveCfg = Debug|Any CPU
		{88482AD9-EDB0-45C3-8306-D88B8FF3528D}.V4 Debug|Any CPU.Build.0 = Debug|Any CPU
		{88482AD9-EDB0-45C3-8306-D88B8FF3528D}.V4 Release|Any CPU.ActiveCfg = Release|Any CPU
		{88482AD9-EDB0-45C3-8306-D88B8FF3528D}.V4 Release|Any CPU.Build.0 = Release|Any CPU
		{1CFE9612-C8E2-4271-9408-E7871CD87477}.Debug|Any CPU.ActiveCfg = Debug|Any CPU
		{1CFE9612-C8E2-4271-9408-E7871CD87477}.Debug|Any CPU.Build.0 = Debug|Any CPU
		{1CFE9612-C8E2-4271-9408-E7871CD87477}.FxCop|Any CPU.ActiveCfg = Release|Any CPU
		{1CFE9612-C8E2-4271-9408-E7871CD87477}.FxCop|Any CPU.Build.0 = Release|Any CPU
		{1CFE9612-C8E2-4271-9408-E7871CD87477}.Release|Any CPU.ActiveCfg = Release|Any CPU
		{1CFE9612-C8E2-4271-9408-E7871CD87477}.Release|Any CPU.Build.0 = Release|Any CPU
		{1CFE9612-C8E2-4271-9408-E7871CD87477}.Silverlight 4 Debug|Any CPU.ActiveCfg = Debug|Any CPU
		{1CFE9612-C8E2-4271-9408-E7871CD87477}.Silverlight 4 Debug|Any CPU.Build.0 = Debug|Any CPU
		{1CFE9612-C8E2-4271-9408-E7871CD87477}.Silverlight 4 Release|Any CPU.ActiveCfg = Release|Any CPU
		{1CFE9612-C8E2-4271-9408-E7871CD87477}.Silverlight 4 Release|Any CPU.Build.0 = Release|Any CPU
		{1CFE9612-C8E2-4271-9408-E7871CD87477}.Silverlight Debug|Any CPU.ActiveCfg = Debug|Any CPU
		{1CFE9612-C8E2-4271-9408-E7871CD87477}.Silverlight Debug|Any CPU.Build.0 = Debug|Any CPU
		{1CFE9612-C8E2-4271-9408-E7871CD87477}.Silverlight Release|Any CPU.ActiveCfg = Release|Any CPU
		{1CFE9612-C8E2-4271-9408-E7871CD87477}.Silverlight Release|Any CPU.Build.0 = Release|Any CPU
		{1CFE9612-C8E2-4271-9408-E7871CD87477}.V4 Debug|Any CPU.ActiveCfg = Debug|Any CPU
		{1CFE9612-C8E2-4271-9408-E7871CD87477}.V4 Debug|Any CPU.Build.0 = Debug|Any CPU
		{1CFE9612-C8E2-4271-9408-E7871CD87477}.V4 Release|Any CPU.ActiveCfg = Release|Any CPU
		{1CFE9612-C8E2-4271-9408-E7871CD87477}.V4 Release|Any CPU.Build.0 = Release|Any CPU
		{5B4ECA76-AD97-41B6-A802-E9AA34A95A91}.Debug|Any CPU.ActiveCfg = Debug|Any CPU
		{5B4ECA76-AD97-41B6-A802-E9AA34A95A91}.Debug|Any CPU.Build.0 = Debug|Any CPU
		{5B4ECA76-AD97-41B6-A802-E9AA34A95A91}.FxCop|Any CPU.ActiveCfg = Release|Any CPU
		{5B4ECA76-AD97-41B6-A802-E9AA34A95A91}.FxCop|Any CPU.Build.0 = Release|Any CPU
		{5B4ECA76-AD97-41B6-A802-E9AA34A95A91}.Release|Any CPU.ActiveCfg = Release|Any CPU
		{5B4ECA76-AD97-41B6-A802-E9AA34A95A91}.Release|Any CPU.Build.0 = Release|Any CPU
		{5B4ECA76-AD97-41B6-A802-E9AA34A95A91}.Silverlight 4 Debug|Any CPU.ActiveCfg = Debug|Any CPU
		{5B4ECA76-AD97-41B6-A802-E9AA34A95A91}.Silverlight 4 Debug|Any CPU.Build.0 = Debug|Any CPU
		{5B4ECA76-AD97-41B6-A802-E9AA34A95A91}.Silverlight 4 Release|Any CPU.ActiveCfg = Release|Any CPU
		{5B4ECA76-AD97-41B6-A802-E9AA34A95A91}.Silverlight 4 Release|Any CPU.Build.0 = Release|Any CPU
		{5B4ECA76-AD97-41B6-A802-E9AA34A95A91}.Silverlight Debug|Any CPU.ActiveCfg = Debug|Any CPU
		{5B4ECA76-AD97-41B6-A802-E9AA34A95A91}.Silverlight Debug|Any CPU.Build.0 = Debug|Any CPU
		{5B4ECA76-AD97-41B6-A802-E9AA34A95A91}.Silverlight Release|Any CPU.ActiveCfg = Release|Any CPU
		{5B4ECA76-AD97-41B6-A802-E9AA34A95A91}.Silverlight Release|Any CPU.Build.0 = Release|Any CPU
		{5B4ECA76-AD97-41B6-A802-E9AA34A95A91}.V4 Debug|Any CPU.ActiveCfg = Debug|Any CPU
		{5B4ECA76-AD97-41B6-A802-E9AA34A95A91}.V4 Debug|Any CPU.Build.0 = Debug|Any CPU
		{5B4ECA76-AD97-41B6-A802-E9AA34A95A91}.V4 Release|Any CPU.ActiveCfg = Release|Any CPU
		{5B4ECA76-AD97-41B6-A802-E9AA34A95A91}.V4 Release|Any CPU.Build.0 = Release|Any CPU
		{D54C3D26-26C2-4638-8919-59F511E61827}.Debug|Any CPU.ActiveCfg = Debug|Any CPU
		{D54C3D26-26C2-4638-8919-59F511E61827}.Debug|Any CPU.Build.0 = Debug|Any CPU
		{D54C3D26-26C2-4638-8919-59F511E61827}.FxCop|Any CPU.ActiveCfg = Release|Any CPU
		{D54C3D26-26C2-4638-8919-59F511E61827}.FxCop|Any CPU.Build.0 = Release|Any CPU
		{D54C3D26-26C2-4638-8919-59F511E61827}.Release|Any CPU.ActiveCfg = Release|Any CPU
		{D54C3D26-26C2-4638-8919-59F511E61827}.Release|Any CPU.Build.0 = Release|Any CPU
		{D54C3D26-26C2-4638-8919-59F511E61827}.Silverlight 4 Debug|Any CPU.ActiveCfg = Debug|Any CPU
		{D54C3D26-26C2-4638-8919-59F511E61827}.Silverlight 4 Debug|Any CPU.Build.0 = Debug|Any CPU
		{D54C3D26-26C2-4638-8919-59F511E61827}.Silverlight 4 Release|Any CPU.ActiveCfg = Release|Any CPU
		{D54C3D26-26C2-4638-8919-59F511E61827}.Silverlight 4 Release|Any CPU.Build.0 = Release|Any CPU
		{D54C3D26-26C2-4638-8919-59F511E61827}.Silverlight Debug|Any CPU.ActiveCfg = Debug|Any CPU
		{D54C3D26-26C2-4638-8919-59F511E61827}.Silverlight Debug|Any CPU.Build.0 = Debug|Any CPU
		{D54C3D26-26C2-4638-8919-59F511E61827}.Silverlight Release|Any CPU.ActiveCfg = Release|Any CPU
		{D54C3D26-26C2-4638-8919-59F511E61827}.Silverlight Release|Any CPU.Build.0 = Release|Any CPU
		{D54C3D26-26C2-4638-8919-59F511E61827}.V4 Debug|Any CPU.ActiveCfg = Debug|Any CPU
		{D54C3D26-26C2-4638-8919-59F511E61827}.V4 Debug|Any CPU.Build.0 = Debug|Any CPU
		{D54C3D26-26C2-4638-8919-59F511E61827}.V4 Release|Any CPU.ActiveCfg = Release|Any CPU
		{D54C3D26-26C2-4638-8919-59F511E61827}.V4 Release|Any CPU.Build.0 = Release|Any CPU
		{8926936F-EE5C-4307-BCB5-570364D8669D}.Debug|Any CPU.ActiveCfg = Debug|Any CPU
		{8926936F-EE5C-4307-BCB5-570364D8669D}.Debug|Any CPU.Build.0 = Debug|Any CPU
		{8926936F-EE5C-4307-BCB5-570364D8669D}.FxCop|Any CPU.ActiveCfg = Release|Any CPU
		{8926936F-EE5C-4307-BCB5-570364D8669D}.FxCop|Any CPU.Build.0 = Release|Any CPU
		{8926936F-EE5C-4307-BCB5-570364D8669D}.Release|Any CPU.ActiveCfg = Release|Any CPU
		{8926936F-EE5C-4307-BCB5-570364D8669D}.Release|Any CPU.Build.0 = Release|Any CPU
		{8926936F-EE5C-4307-BCB5-570364D8669D}.Silverlight 4 Debug|Any CPU.ActiveCfg = Debug|Any CPU
		{8926936F-EE5C-4307-BCB5-570364D8669D}.Silverlight 4 Debug|Any CPU.Build.0 = Debug|Any CPU
		{8926936F-EE5C-4307-BCB5-570364D8669D}.Silverlight 4 Release|Any CPU.ActiveCfg = Release|Any CPU
		{8926936F-EE5C-4307-BCB5-570364D8669D}.Silverlight 4 Release|Any CPU.Build.0 = Release|Any CPU
		{8926936F-EE5C-4307-BCB5-570364D8669D}.Silverlight Debug|Any CPU.ActiveCfg = Debug|Any CPU
		{8926936F-EE5C-4307-BCB5-570364D8669D}.Silverlight Debug|Any CPU.Build.0 = Debug|Any CPU
		{8926936F-EE5C-4307-BCB5-570364D8669D}.Silverlight Release|Any CPU.ActiveCfg = Release|Any CPU
		{8926936F-EE5C-4307-BCB5-570364D8669D}.Silverlight Release|Any CPU.Build.0 = Release|Any CPU
		{8926936F-EE5C-4307-BCB5-570364D8669D}.V4 Debug|Any CPU.ActiveCfg = Debug|Any CPU
		{8926936F-EE5C-4307-BCB5-570364D8669D}.V4 Debug|Any CPU.Build.0 = Debug|Any CPU
		{8926936F-EE5C-4307-BCB5-570364D8669D}.V4 Release|Any CPU.ActiveCfg = Release|Any CPU
		{8926936F-EE5C-4307-BCB5-570364D8669D}.V4 Release|Any CPU.Build.0 = Release|Any CPU
		{B456C946-4B4A-4C03-9EE6-818CA30ED84D}.Debug|Any CPU.ActiveCfg = Debug|Any CPU
		{B456C946-4B4A-4C03-9EE6-818CA30ED84D}.Debug|Any CPU.Build.0 = Debug|Any CPU
		{B456C946-4B4A-4C03-9EE6-818CA30ED84D}.FxCop|Any CPU.ActiveCfg = Release|Any CPU
		{B456C946-4B4A-4C03-9EE6-818CA30ED84D}.FxCop|Any CPU.Build.0 = Release|Any CPU
		{B456C946-4B4A-4C03-9EE6-818CA30ED84D}.Release|Any CPU.ActiveCfg = Release|Any CPU
		{B456C946-4B4A-4C03-9EE6-818CA30ED84D}.Release|Any CPU.Build.0 = Release|Any CPU
		{B456C946-4B4A-4C03-9EE6-818CA30ED84D}.Silverlight 4 Debug|Any CPU.ActiveCfg = Debug|Any CPU
		{B456C946-4B4A-4C03-9EE6-818CA30ED84D}.Silverlight 4 Debug|Any CPU.Build.0 = Debug|Any CPU
		{B456C946-4B4A-4C03-9EE6-818CA30ED84D}.Silverlight 4 Release|Any CPU.ActiveCfg = Release|Any CPU
		{B456C946-4B4A-4C03-9EE6-818CA30ED84D}.Silverlight 4 Release|Any CPU.Build.0 = Release|Any CPU
		{B456C946-4B4A-4C03-9EE6-818CA30ED84D}.Silverlight Debug|Any CPU.ActiveCfg = Debug|Any CPU
		{B456C946-4B4A-4C03-9EE6-818CA30ED84D}.Silverlight Debug|Any CPU.Build.0 = Debug|Any CPU
		{B456C946-4B4A-4C03-9EE6-818CA30ED84D}.Silverlight Release|Any CPU.ActiveCfg = Release|Any CPU
		{B456C946-4B4A-4C03-9EE6-818CA30ED84D}.Silverlight Release|Any CPU.Build.0 = Release|Any CPU
		{B456C946-4B4A-4C03-9EE6-818CA30ED84D}.V4 Debug|Any CPU.ActiveCfg = Debug|Any CPU
		{B456C946-4B4A-4C03-9EE6-818CA30ED84D}.V4 Debug|Any CPU.Build.0 = Debug|Any CPU
		{B456C946-4B4A-4C03-9EE6-818CA30ED84D}.V4 Release|Any CPU.ActiveCfg = Release|Any CPU
		{B456C946-4B4A-4C03-9EE6-818CA30ED84D}.V4 Release|Any CPU.Build.0 = Release|Any CPU
		{BF0BF8B0-1894-4EDF-BF51-F370B063797E}.Debug|Any CPU.ActiveCfg = Debug|Any CPU
		{BF0BF8B0-1894-4EDF-BF51-F370B063797E}.Debug|Any CPU.Build.0 = Debug|Any CPU
		{BF0BF8B0-1894-4EDF-BF51-F370B063797E}.FxCop|Any CPU.ActiveCfg = Release|Any CPU
		{BF0BF8B0-1894-4EDF-BF51-F370B063797E}.FxCop|Any CPU.Build.0 = Release|Any CPU
		{BF0BF8B0-1894-4EDF-BF51-F370B063797E}.Release|Any CPU.ActiveCfg = Release|Any CPU
		{BF0BF8B0-1894-4EDF-BF51-F370B063797E}.Release|Any CPU.Build.0 = Release|Any CPU
		{BF0BF8B0-1894-4EDF-BF51-F370B063797E}.Silverlight 4 Debug|Any CPU.ActiveCfg = Debug|Any CPU
		{BF0BF8B0-1894-4EDF-BF51-F370B063797E}.Silverlight 4 Debug|Any CPU.Build.0 = Debug|Any CPU
		{BF0BF8B0-1894-4EDF-BF51-F370B063797E}.Silverlight 4 Release|Any CPU.ActiveCfg = Release|Any CPU
		{BF0BF8B0-1894-4EDF-BF51-F370B063797E}.Silverlight 4 Release|Any CPU.Build.0 = Release|Any CPU
		{BF0BF8B0-1894-4EDF-BF51-F370B063797E}.Silverlight Debug|Any CPU.ActiveCfg = Debug|Any CPU
		{BF0BF8B0-1894-4EDF-BF51-F370B063797E}.Silverlight Debug|Any CPU.Build.0 = Debug|Any CPU
		{BF0BF8B0-1894-4EDF-BF51-F370B063797E}.Silverlight Release|Any CPU.ActiveCfg = Release|Any CPU
		{BF0BF8B0-1894-4EDF-BF51-F370B063797E}.Silverlight Release|Any CPU.Build.0 = Release|Any CPU
		{BF0BF8B0-1894-4EDF-BF51-F370B063797E}.V4 Debug|Any CPU.ActiveCfg = Debug|Any CPU
		{BF0BF8B0-1894-4EDF-BF51-F370B063797E}.V4 Debug|Any CPU.Build.0 = Debug|Any CPU
		{BF0BF8B0-1894-4EDF-BF51-F370B063797E}.V4 Release|Any CPU.ActiveCfg = Release|Any CPU
		{BF0BF8B0-1894-4EDF-BF51-F370B063797E}.V4 Release|Any CPU.Build.0 = Release|Any CPU
		{B70185DF-81FD-4417-914F-7C90E65E7D9F}.Debug|Any CPU.ActiveCfg = Debug|Any CPU
		{B70185DF-81FD-4417-914F-7C90E65E7D9F}.Debug|Any CPU.Build.0 = Debug|Any CPU
		{B70185DF-81FD-4417-914F-7C90E65E7D9F}.FxCop|Any CPU.ActiveCfg = Release|Any CPU
		{B70185DF-81FD-4417-914F-7C90E65E7D9F}.FxCop|Any CPU.Build.0 = Release|Any CPU
		{B70185DF-81FD-4417-914F-7C90E65E7D9F}.Release|Any CPU.ActiveCfg = Release|Any CPU
		{B70185DF-81FD-4417-914F-7C90E65E7D9F}.Release|Any CPU.Build.0 = Release|Any CPU
		{B70185DF-81FD-4417-914F-7C90E65E7D9F}.Silverlight 4 Debug|Any CPU.ActiveCfg = Debug|Any CPU
		{B70185DF-81FD-4417-914F-7C90E65E7D9F}.Silverlight 4 Debug|Any CPU.Build.0 = Debug|Any CPU
		{B70185DF-81FD-4417-914F-7C90E65E7D9F}.Silverlight 4 Release|Any CPU.ActiveCfg = Release|Any CPU
		{B70185DF-81FD-4417-914F-7C90E65E7D9F}.Silverlight 4 Release|Any CPU.Build.0 = Release|Any CPU
		{B70185DF-81FD-4417-914F-7C90E65E7D9F}.Silverlight Debug|Any CPU.ActiveCfg = Debug|Any CPU
		{B70185DF-81FD-4417-914F-7C90E65E7D9F}.Silverlight Debug|Any CPU.Build.0 = Debug|Any CPU
		{B70185DF-81FD-4417-914F-7C90E65E7D9F}.Silverlight Release|Any CPU.ActiveCfg = Release|Any CPU
		{B70185DF-81FD-4417-914F-7C90E65E7D9F}.Silverlight Release|Any CPU.Build.0 = Release|Any CPU
		{B70185DF-81FD-4417-914F-7C90E65E7D9F}.V4 Debug|Any CPU.ActiveCfg = Debug|Any CPU
		{B70185DF-81FD-4417-914F-7C90E65E7D9F}.V4 Debug|Any CPU.Build.0 = Debug|Any CPU
		{B70185DF-81FD-4417-914F-7C90E65E7D9F}.V4 Release|Any CPU.ActiveCfg = Release|Any CPU
		{B70185DF-81FD-4417-914F-7C90E65E7D9F}.V4 Release|Any CPU.Build.0 = Release|Any CPU
		{2A21EB8D-DEB5-4037-8A87-9B210130314F}.Debug|Any CPU.ActiveCfg = Debug|Any CPU
		{2A21EB8D-DEB5-4037-8A87-9B210130314F}.Debug|Any CPU.Build.0 = Debug|Any CPU
		{2A21EB8D-DEB5-4037-8A87-9B210130314F}.FxCop|Any CPU.ActiveCfg = Release|Any CPU
		{2A21EB8D-DEB5-4037-8A87-9B210130314F}.FxCop|Any CPU.Build.0 = Release|Any CPU
		{2A21EB8D-DEB5-4037-8A87-9B210130314F}.Release|Any CPU.ActiveCfg = Release|Any CPU
		{2A21EB8D-DEB5-4037-8A87-9B210130314F}.Release|Any CPU.Build.0 = Release|Any CPU
		{2A21EB8D-DEB5-4037-8A87-9B210130314F}.Silverlight 4 Debug|Any CPU.ActiveCfg = Debug|Any CPU
		{2A21EB8D-DEB5-4037-8A87-9B210130314F}.Silverlight 4 Debug|Any CPU.Build.0 = Debug|Any CPU
		{2A21EB8D-DEB5-4037-8A87-9B210130314F}.Silverlight 4 Release|Any CPU.ActiveCfg = Release|Any CPU
		{2A21EB8D-DEB5-4037-8A87-9B210130314F}.Silverlight 4 Release|Any CPU.Build.0 = Release|Any CPU
		{2A21EB8D-DEB5-4037-8A87-9B210130314F}.Silverlight Debug|Any CPU.ActiveCfg = Debug|Any CPU
		{2A21EB8D-DEB5-4037-8A87-9B210130314F}.Silverlight Debug|Any CPU.Build.0 = Debug|Any CPU
		{2A21EB8D-DEB5-4037-8A87-9B210130314F}.Silverlight Release|Any CPU.ActiveCfg = Release|Any CPU
		{2A21EB8D-DEB5-4037-8A87-9B210130314F}.Silverlight Release|Any CPU.Build.0 = Release|Any CPU
		{2A21EB8D-DEB5-4037-8A87-9B210130314F}.V4 Debug|Any CPU.ActiveCfg = Debug|Any CPU
		{2A21EB8D-DEB5-4037-8A87-9B210130314F}.V4 Debug|Any CPU.Build.0 = Debug|Any CPU
		{2A21EB8D-DEB5-4037-8A87-9B210130314F}.V4 Release|Any CPU.ActiveCfg = Release|Any CPU
		{2A21EB8D-DEB5-4037-8A87-9B210130314F}.V4 Release|Any CPU.Build.0 = Release|Any CPU
		{32F6899A-6957-4777-96A5-D611DE825CAF}.Debug|Any CPU.ActiveCfg = Debug|Any CPU
		{32F6899A-6957-4777-96A5-D611DE825CAF}.Debug|Any CPU.Build.0 = Debug|Any CPU
		{32F6899A-6957-4777-96A5-D611DE825CAF}.FxCop|Any CPU.ActiveCfg = Release|Any CPU
		{32F6899A-6957-4777-96A5-D611DE825CAF}.FxCop|Any CPU.Build.0 = Release|Any CPU
		{32F6899A-6957-4777-96A5-D611DE825CAF}.Release|Any CPU.ActiveCfg = Release|Any CPU
		{32F6899A-6957-4777-96A5-D611DE825CAF}.Release|Any CPU.Build.0 = Release|Any CPU
		{32F6899A-6957-4777-96A5-D611DE825CAF}.Silverlight 4 Debug|Any CPU.ActiveCfg = Debug|Any CPU
		{32F6899A-6957-4777-96A5-D611DE825CAF}.Silverlight 4 Debug|Any CPU.Build.0 = Debug|Any CPU
		{32F6899A-6957-4777-96A5-D611DE825CAF}.Silverlight 4 Release|Any CPU.ActiveCfg = Release|Any CPU
		{32F6899A-6957-4777-96A5-D611DE825CAF}.Silverlight 4 Release|Any CPU.Build.0 = Release|Any CPU
		{32F6899A-6957-4777-96A5-D611DE825CAF}.Silverlight Debug|Any CPU.ActiveCfg = Debug|Any CPU
		{32F6899A-6957-4777-96A5-D611DE825CAF}.Silverlight Debug|Any CPU.Build.0 = Debug|Any CPU
		{32F6899A-6957-4777-96A5-D611DE825CAF}.Silverlight Release|Any CPU.ActiveCfg = Release|Any CPU
		{32F6899A-6957-4777-96A5-D611DE825CAF}.Silverlight Release|Any CPU.Build.0 = Release|Any CPU
		{32F6899A-6957-4777-96A5-D611DE825CAF}.V4 Debug|Any CPU.ActiveCfg = Debug|Any CPU
		{32F6899A-6957-4777-96A5-D611DE825CAF}.V4 Debug|Any CPU.Build.0 = Debug|Any CPU
		{32F6899A-6957-4777-96A5-D611DE825CAF}.V4 Release|Any CPU.ActiveCfg = Release|Any CPU
		{32F6899A-6957-4777-96A5-D611DE825CAF}.V4 Release|Any CPU.Build.0 = Release|Any CPU
	EndGlobalSection
	GlobalSection(SolutionProperties) = preSolution
		HideSolutionNode = FALSE
	EndGlobalSection
EndGlobal
