
Microsoft Visual Studio Solution File, Format Version 12.00
# Visual Studio 2012
Project("{FAE04EC0-301F-11D3-BF4B-00C04F79EFBC}") = "Common", "Common\Common.csproj", "{8B96B61D-6DDD-44F0-8418-889ACBAAA097}"
EndProject
Project("{2150E333-8FDC-42A3-9474-1A3956D46DE8}") = "Build", "Build", "{85E104F9-0457-40C7-9DC9-6FA11B7B0E36}"
	ProjectSection(SolutionItems) = preProject
		Build\build.cmd = Build\build.cmd
		Build\build.proj = Build\build.proj
	EndProjectSection
EndProject
Project("{FAE04EC0-301F-11D3-BF4B-00C04F79EFBC}") = "Rules.Domain", "Rules.Domain\Rules.Domain.csproj", "{2626BC16-EFCD-4D9F-A5C1-18B49A30187C}"
EndProject
Project("{FAE04EC0-301F-11D3-BF4B-00C04F79EFBC}") = "Rules.Engine", "Rules.Engine\Rules.Engine.csproj", "{DE7F9025-A9DA-47C7-B2ED-75108472500A}"
EndProject
Project("{FAE04EC0-301F-11D3-BF4B-00C04F79EFBC}") = "Microsoft.Scripting", "ThirdParty\Microsoft.Scripting\Microsoft.Scripting.csproj", "{02FF0909-F5AD-48CF-A86A-345E721B7E40}"
EndProject
Project("{FAE04EC0-301F-11D3-BF4B-00C04F79EFBC}") = "Microsoft.Scripting.Core", "ThirdParty\Microsoft.Scripting.Core\Microsoft.Scripting.Core.csproj", "{2AE75F5A-CD1F-4925-9647-AF4D1C282FB4}"
EndProject
Project("{FAE04EC0-301F-11D3-BF4B-00C04F79EFBC}") = "Microsoft.Scripting.ExtensionAttribute", "ThirdParty\Microsoft.Scripting.Core\Microsoft.Scripting.ExtensionAttribute.csproj", "{8B0F1074-750E-4D64-BF23-A1E0F54261E5}"
EndProject
Project("{FAE04EC0-301F-11D3-BF4B-00C04F79EFBC}") = "Rules.Engine.Tests", "Rules.Engine.Tests\Rules.Engine.Tests.csproj", "{CC9EE0F8-3158-4C8D-95B5-A566E1EC844C}"
EndProject
Project("{FAE04EC0-301F-11D3-BF4B-00C04F79EFBC}") = "Atum.Data.Surveillance", "..\atumdomain\Atum.Data.Surveillance\Atum.Data.Surveillance.csproj", "{2FE3BE00-7279-46CC-B1DB-3579976A3B78}"
EndProject
Project("{FAE04EC0-301F-11D3-BF4B-00C04F79EFBC}") = "Atum.Domain.Basis", "..\atumdomain\Atum.Domain.Basis\Atum.Domain.Basis.csproj", "{94BCB49A-CB7D-4F37-8340-9A9B8CD05614}"
EndProject
Project("{FAE04EC0-301F-11D3-BF4B-00C04F79EFBC}") = "Atum.Domain.Common", "..\atumdomain\Atum.Domain.Common\Atum.Domain.Common.csproj", "{402A24D0-272F-48EE-B533-27D4F7B3D2F5}"
EndProject
Project("{FAE04EC0-301F-11D3-BF4B-00C04F79EFBC}") = "Atum.Domain.Security", "..\atumdomain\Atum.Domain.Security\Atum.Domain.Security.csproj", "{4DB9B8EA-AD8B-48ED-8329-FB511B4BD218}"
EndProject
Project("{FAE04EC0-301F-11D3-BF4B-00C04F79EFBC}") = "Atum.Domain.Surveillance", "..\atumdomain\Atum.Domain.Surveillance\Atum.Domain.Surveillance.csproj", "{DD43F4B6-5E09-41AA-B7C7-2B53722B1F77}"
EndProject
Project("{FAE04EC0-301F-11D3-BF4B-00C04F79EFBC}") = "SurveyWeb", "SurveyWeb\SurveyWeb.csproj", "{5FA45FDA-4439-4631-B43F-944309F6901F}"
EndProject
Project("{FAE04EC0-301F-11D3-BF4B-00C04F79EFBC}") = "SurveyWeb.Tests", "SurveyWeb.Tests\SurveyWeb.Tests.csproj", "{E46BABE3-D807-479C-954A-CBA8B2F7A94C}"
EndProject
Global
	GlobalSection(SolutionConfigurationPlatforms) = preSolution
		Debug|Any CPU = Debug|Any CPU
		FxCop|Any CPU = FxCop|Any CPU
		Release|Any CPU = Release|Any CPU
		Silverlight 4 Debug|Any CPU = Silverlight 4 Debug|Any CPU
		Silverlight 4 Release|Any CPU = Silverlight 4 Release|Any CPU
		Silverlight Debug|Any CPU = Silverlight Debug|Any CPU
		Silverlight Release|Any CPU = Silverlight Release|Any CPU
		V4 Debug|Any CPU = V4 Debug|Any CPU
		V4 Release|Any CPU = V4 Release|Any CPU
	EndGlobalSection
	GlobalSection(ProjectConfigurationPlatforms) = postSolution
		{8B96B61D-6DDD-44F0-8418-889ACBAAA097}.Debug|Any CPU.ActiveCfg = Debug|Any CPU
		{8B96B61D-6DDD-44F0-8418-889ACBAAA097}.Debug|Any CPU.Build.0 = Debug|Any CPU
		{8B96B61D-6DDD-44F0-8418-889ACBAAA097}.FxCop|Any CPU.ActiveCfg = Release|Any CPU
		{8B96B61D-6DDD-44F0-8418-889ACBAAA097}.FxCop|Any CPU.Build.0 = Release|Any CPU
		{8B96B61D-6DDD-44F0-8418-889ACBAAA097}.Release|Any CPU.ActiveCfg = Release|Any CPU
		{8B96B61D-6DDD-44F0-8418-889ACBAAA097}.Release|Any CPU.Build.0 = Release|Any CPU
		{8B96B61D-6DDD-44F0-8418-889ACBAAA097}.Silverlight 4 Debug|Any CPU.ActiveCfg = Debug|Any CPU
		{8B96B61D-6DDD-44F0-8418-889ACBAAA097}.Silverlight 4 Debug|Any CPU.Build.0 = Debug|Any CPU
		{8B96B61D-6DDD-44F0-8418-889ACBAAA097}.Silverlight 4 Release|Any CPU.ActiveCfg = Release|Any CPU
		{8B96B61D-6DDD-44F0-8418-889ACBAAA097}.Silverlight 4 Release|Any CPU.Build.0 = Release|Any CPU
		{8B96B61D-6DDD-44F0-8418-889ACBAAA097}.Silverlight Debug|Any CPU.ActiveCfg = Debug|Any CPU
		{8B96B61D-6DDD-44F0-8418-889ACBAAA097}.Silverlight Debug|Any CPU.Build.0 = Debug|Any CPU
		{8B96B61D-6DDD-44F0-8418-889ACBAAA097}.Silverlight Release|Any CPU.ActiveCfg = Release|Any CPU
		{8B96B61D-6DDD-44F0-8418-889ACBAAA097}.Silverlight Release|Any CPU.Build.0 = Release|Any CPU
		{8B96B61D-6DDD-44F0-8418-889ACBAAA097}.V4 Debug|Any CPU.ActiveCfg = Debug|Any CPU
		{8B96B61D-6DDD-44F0-8418-889ACBAAA097}.V4 Debug|Any CPU.Build.0 = Debug|Any CPU
		{8B96B61D-6DDD-44F0-8418-889ACBAAA097}.V4 Release|Any CPU.ActiveCfg = Release|Any CPU
		{8B96B61D-6DDD-44F0-8418-889ACBAAA097}.V4 Release|Any CPU.Build.0 = Release|Any CPU
		{2626BC16-EFCD-4D9F-A5C1-18B49A30187C}.Debug|Any CPU.ActiveCfg = Debug|Any CPU
		{2626BC16-EFCD-4D9F-A5C1-18B49A30187C}.Debug|Any CPU.Build.0 = Debug|Any CPU
		{2626BC16-EFCD-4D9F-A5C1-18B49A30187C}.FxCop|Any CPU.ActiveCfg = Release|Any CPU
		{2626BC16-EFCD-4D9F-A5C1-18B49A30187C}.FxCop|Any CPU.Build.0 = Release|Any CPU
		{2626BC16-EFCD-4D9F-A5C1-18B49A30187C}.Release|Any CPU.ActiveCfg = Release|Any CPU
		{2626BC16-EFCD-4D9F-A5C1-18B49A30187C}.Release|Any CPU.Build.0 = Release|Any CPU
		{2626BC16-EFCD-4D9F-A5C1-18B49A30187C}.Silverlight 4 Debug|Any CPU.ActiveCfg = Debug|Any CPU
		{2626BC16-EFCD-4D9F-A5C1-18B49A30187C}.Silverlight 4 Debug|Any CPU.Build.0 = Debug|Any CPU
		{2626BC16-EFCD-4D9F-A5C1-18B49A30187C}.Silverlight 4 Release|Any CPU.ActiveCfg = Release|Any CPU
		{2626BC16-EFCD-4D9F-A5C1-18B49A30187C}.Silverlight 4 Release|Any CPU.Build.0 = Release|Any CPU
		{2626BC16-EFCD-4D9F-A5C1-18B49A30187C}.Silverlight Debug|Any CPU.ActiveCfg = Debug|Any CPU
		{2626BC16-EFCD-4D9F-A5C1-18B49A30187C}.Silverlight Debug|Any CPU.Build.0 = Debug|Any CPU
		{2626BC16-EFCD-4D9F-A5C1-18B49A30187C}.Silverlight Release|Any CPU.ActiveCfg = Release|Any CPU
		{2626BC16-EFCD-4D9F-A5C1-18B49A30187C}.Silverlight Release|Any CPU.Build.0 = Release|Any CPU
		{2626BC16-EFCD-4D9F-A5C1-18B49A30187C}.V4 Debug|Any CPU.ActiveCfg = Debug|Any CPU
		{2626BC16-EFCD-4D9F-A5C1-18B49A30187C}.V4 Debug|Any CPU.Build.0 = Debug|Any CPU
		{2626BC16-EFCD-4D9F-A5C1-18B49A30187C}.V4 Release|Any CPU.ActiveCfg = Release|Any CPU
		{2626BC16-EFCD-4D9F-A5C1-18B49A30187C}.V4 Release|Any CPU.Build.0 = Release|Any CPU
		{DE7F9025-A9DA-47C7-B2ED-75108472500A}.Debug|Any CPU.ActiveCfg = Debug|Any CPU
		{DE7F9025-A9DA-47C7-B2ED-75108472500A}.Debug|Any CPU.Build.0 = Debug|Any CPU
		{DE7F9025-A9DA-47C7-B2ED-75108472500A}.FxCop|Any CPU.ActiveCfg = Release|Any CPU
		{DE7F9025-A9DA-47C7-B2ED-75108472500A}.FxCop|Any CPU.Build.0 = Release|Any CPU
		{DE7F9025-A9DA-47C7-B2ED-75108472500A}.Release|Any CPU.ActiveCfg = Release|Any CPU
		{DE7F9025-A9DA-47C7-B2ED-75108472500A}.Release|Any CPU.Build.0 = Release|Any CPU
		{DE7F9025-A9DA-47C7-B2ED-75108472500A}.Silverlight 4 Debug|Any CPU.ActiveCfg = Debug|Any CPU
		{DE7F9025-A9DA-47C7-B2ED-75108472500A}.Silverlight 4 Debug|Any CPU.Build.0 = Debug|Any CPU
		{DE7F9025-A9DA-47C7-B2ED-75108472500A}.Silverlight 4 Release|Any CPU.ActiveCfg = Release|Any CPU
		{DE7F9025-A9DA-47C7-B2ED-75108472500A}.Silverlight 4 Release|Any CPU.Build.0 = Release|Any CPU
		{DE7F9025-A9DA-47C7-B2ED-75108472500A}.Silverlight Debug|Any CPU.ActiveCfg = Debug|Any CPU
		{DE7F9025-A9DA-47C7-B2ED-75108472500A}.Silverlight Debug|Any CPU.Build.0 = Debug|Any CPU
		{DE7F9025-A9DA-47C7-B2ED-75108472500A}.Silverlight Release|Any CPU.ActiveCfg = Release|Any CPU
		{DE7F9025-A9DA-47C7-B2ED-75108472500A}.Silverlight Release|Any CPU.Build.0 = Release|Any CPU
		{DE7F9025-A9DA-47C7-B2ED-75108472500A}.V4 Debug|Any CPU.ActiveCfg = Debug|Any CPU
		{DE7F9025-A9DA-47C7-B2ED-75108472500A}.V4 Debug|Any CPU.Build.0 = Debug|Any CPU
		{DE7F9025-A9DA-47C7-B2ED-75108472500A}.V4 Release|Any CPU.ActiveCfg = Release|Any CPU
		{DE7F9025-A9DA-47C7-B2ED-75108472500A}.V4 Release|Any CPU.Build.0 = Release|Any CPU
		{02FF0909-F5AD-48CF-A86A-345E721B7E40}.Debug|Any CPU.ActiveCfg = Debug|Any CPU
		{02FF0909-F5AD-48CF-A86A-345E721B7E40}.Debug|Any CPU.Build.0 = Debug|Any CPU
		{02FF0909-F5AD-48CF-A86A-345E721B7E40}.FxCop|Any CPU.ActiveCfg = FxCop|Any CPU
		{02FF0909-F5AD-48CF-A86A-345E721B7E40}.FxCop|Any CPU.Build.0 = FxCop|Any CPU
		{02FF0909-F5AD-48CF-A86A-345E721B7E40}.Release|Any CPU.ActiveCfg = Release|Any CPU
		{02FF0909-F5AD-48CF-A86A-345E721B7E40}.Release|Any CPU.Build.0 = Release|Any CPU
		{02FF0909-F5AD-48CF-A86A-345E721B7E40}.Silverlight 4 Debug|Any CPU.ActiveCfg = Silverlight 4 Debug|Any CPU
		{02FF0909-F5AD-48CF-A86A-345E721B7E40}.Silverlight 4 Debug|Any CPU.Build.0 = Silverlight 4 Debug|Any CPU
		{02FF0909-F5AD-48CF-A86A-345E721B7E40}.Silverlight 4 Release|Any CPU.ActiveCfg = Silverlight 4 Release|Any CPU
		{02FF0909-F5AD-48CF-A86A-345E721B7E40}.Silverlight 4 Release|Any CPU.Build.0 = Silverlight 4 Release|Any CPU
		{02FF0909-F5AD-48CF-A86A-345E721B7E40}.Silverlight Debug|Any CPU.ActiveCfg = Silverlight Debug|Any CPU
		{02FF0909-F5AD-48CF-A86A-345E721B7E40}.Silverlight Debug|Any CPU.Build.0 = Silverlight Debug|Any CPU
		{02FF0909-F5AD-48CF-A86A-345E721B7E40}.Silverlight Release|Any CPU.ActiveCfg = Silverlight Release|Any CPU
		{02FF0909-F5AD-48CF-A86A-345E721B7E40}.Silverlight Release|Any CPU.Build.0 = Silverlight Release|Any CPU
		{02FF0909-F5AD-48CF-A86A-345E721B7E40}.V4 Debug|Any CPU.ActiveCfg = V4 Debug|Any CPU
		{02FF0909-F5AD-48CF-A86A-345E721B7E40}.V4 Debug|Any CPU.Build.0 = V4 Debug|Any CPU
		{02FF0909-F5AD-48CF-A86A-345E721B7E40}.V4 Release|Any CPU.ActiveCfg = V4 Release|Any CPU
		{02FF0909-F5AD-48CF-A86A-345E721B7E40}.V4 Release|Any CPU.Build.0 = V4 Release|Any CPU
		{2AE75F5A-CD1F-4925-9647-AF4D1C282FB4}.Debug|Any CPU.ActiveCfg = Debug|Any CPU
		{2AE75F5A-CD1F-4925-9647-AF4D1C282FB4}.Debug|Any CPU.Build.0 = Debug|Any CPU
		{2AE75F5A-CD1F-4925-9647-AF4D1C282FB4}.FxCop|Any CPU.ActiveCfg = FxCop|Any CPU
		{2AE75F5A-CD1F-4925-9647-AF4D1C282FB4}.FxCop|Any CPU.Build.0 = FxCop|Any CPU
		{2AE75F5A-CD1F-4925-9647-AF4D1C282FB4}.Release|Any CPU.ActiveCfg = Release|Any CPU
		{2AE75F5A-CD1F-4925-9647-AF4D1C282FB4}.Release|Any CPU.Build.0 = Release|Any CPU
		{2AE75F5A-CD1F-4925-9647-AF4D1C282FB4}.Silverlight 4 Debug|Any CPU.ActiveCfg = Silverlight Release|Any CPU
		{2AE75F5A-CD1F-4925-9647-AF4D1C282FB4}.Silverlight 4 Debug|Any CPU.Build.0 = Silverlight Release|Any CPU
		{2AE75F5A-CD1F-4925-9647-AF4D1C282FB4}.Silverlight 4 Release|Any CPU.ActiveCfg = Silverlight Release|Any CPU
		{2AE75F5A-CD1F-4925-9647-AF4D1C282FB4}.Silverlight 4 Release|Any CPU.Build.0 = Silverlight Release|Any CPU
		{2AE75F5A-CD1F-4925-9647-AF4D1C282FB4}.Silverlight Debug|Any CPU.ActiveCfg = Silverlight Debug|Any CPU
		{2AE75F5A-CD1F-4925-9647-AF4D1C282FB4}.Silverlight Debug|Any CPU.Build.0 = Silverlight Debug|Any CPU
		{2AE75F5A-CD1F-4925-9647-AF4D1C282FB4}.Silverlight Release|Any CPU.ActiveCfg = Silverlight Release|Any CPU
		{2AE75F5A-CD1F-4925-9647-AF4D1C282FB4}.Silverlight Release|Any CPU.Build.0 = Silverlight Release|Any CPU
		{2AE75F5A-CD1F-4925-9647-AF4D1C282FB4}.V4 Debug|Any CPU.ActiveCfg = Debug|Any CPU
		{2AE75F5A-CD1F-4925-9647-AF4D1C282FB4}.V4 Debug|Any CPU.Build.0 = Debug|Any CPU
		{2AE75F5A-CD1F-4925-9647-AF4D1C282FB4}.V4 Release|Any CPU.ActiveCfg = Release|Any CPU
		{2AE75F5A-CD1F-4925-9647-AF4D1C282FB4}.V4 Release|Any CPU.Build.0 = Release|Any CPU
		{8B0F1074-750E-4D64-BF23-A1E0F54261E5}.Debug|Any CPU.ActiveCfg = Debug|Any CPU
		{8B0F1074-750E-4D64-BF23-A1E0F54261E5}.Debug|Any CPU.Build.0 = Debug|Any CPU
		{8B0F1074-750E-4D64-BF23-A1E0F54261E5}.FxCop|Any CPU.ActiveCfg = FxCop|Any CPU
		{8B0F1074-750E-4D64-BF23-A1E0F54261E5}.FxCop|Any CPU.Build.0 = FxCop|Any CPU
		{8B0F1074-750E-4D64-BF23-A1E0F54261E5}.Release|Any CPU.ActiveCfg = Release|Any CPU
		{8B0F1074-750E-4D64-BF23-A1E0F54261E5}.Release|Any CPU.Build.0 = Release|Any CPU
		{8B0F1074-750E-4D64-BF23-A1E0F54261E5}.Silverlight 4 Debug|Any CPU.ActiveCfg = Silverlight Release|Any CPU
		{8B0F1074-750E-4D64-BF23-A1E0F54261E5}.Silverlight 4 Debug|Any CPU.Build.0 = Silverlight Release|Any CPU
		{8B0F1074-750E-4D64-BF23-A1E0F54261E5}.Silverlight 4 Release|Any CPU.ActiveCfg = Silverlight Release|Any CPU
		{8B0F1074-750E-4D64-BF23-A1E0F54261E5}.Silverlight 4 Release|Any CPU.Build.0 = Silverlight Release|Any CPU
		{8B0F1074-750E-4D64-BF23-A1E0F54261E5}.Silverlight Debug|Any CPU.ActiveCfg = Silverlight Debug|Any CPU
		{8B0F1074-750E-4D64-BF23-A1E0F54261E5}.Silverlight Debug|Any CPU.Build.0 = Silverlight Debug|Any CPU
		{8B0F1074-750E-4D64-BF23-A1E0F54261E5}.Silverlight Release|Any CPU.ActiveCfg = Silverlight Release|Any CPU
		{8B0F1074-750E-4D64-BF23-A1E0F54261E5}.Silverlight Release|Any CPU.Build.0 = Silverlight Release|Any CPU
		{8B0F1074-750E-4D64-BF23-A1E0F54261E5}.V4 Debug|Any CPU.ActiveCfg = Debug|Any CPU
		{8B0F1074-750E-4D64-BF23-A1E0F54261E5}.V4 Debug|Any CPU.Build.0 = Debug|Any CPU
		{8B0F1074-750E-4D64-BF23-A1E0F54261E5}.V4 Release|Any CPU.ActiveCfg = Release|Any CPU
		{8B0F1074-750E-4D64-BF23-A1E0F54261E5}.V4 Release|Any CPU.Build.0 = Release|Any CPU
		{CC9EE0F8-3158-4C8D-95B5-A566E1EC844C}.Debug|Any CPU.ActiveCfg = Debug|Any CPU
		{CC9EE0F8-3158-4C8D-95B5-A566E1EC844C}.Debug|Any CPU.Build.0 = Debug|Any CPU
		{CC9EE0F8-3158-4C8D-95B5-A566E1EC844C}.FxCop|Any CPU.ActiveCfg = Release|Any CPU
		{CC9EE0F8-3158-4C8D-95B5-A566E1EC844C}.FxCop|Any CPU.Build.0 = Release|Any CPU
		{CC9EE0F8-3158-4C8D-95B5-A566E1EC844C}.Release|Any CPU.ActiveCfg = Release|Any CPU
		{CC9EE0F8-3158-4C8D-95B5-A566E1EC844C}.Release|Any CPU.Build.0 = Release|Any CPU
		{CC9EE0F8-3158-4C8D-95B5-A566E1EC844C}.Silverlight 4 Debug|Any CPU.ActiveCfg = Debug|Any CPU
		{CC9EE0F8-3158-4C8D-95B5-A566E1EC844C}.Silverlight 4 Debug|Any CPU.Build.0 = Debug|Any CPU
		{CC9EE0F8-3158-4C8D-95B5-A566E1EC844C}.Silverlight 4 Release|Any CPU.ActiveCfg = Release|Any CPU
		{CC9EE0F8-3158-4C8D-95B5-A566E1EC844C}.Silverlight 4 Release|Any CPU.Build.0 = Release|Any CPU
		{CC9EE0F8-3158-4C8D-95B5-A566E1EC844C}.Silverlight Debug|Any CPU.ActiveCfg = Debug|Any CPU
		{CC9EE0F8-3158-4C8D-95B5-A566E1EC844C}.Silverlight Debug|Any CPU.Build.0 = Debug|Any CPU
		{CC9EE0F8-3158-4C8D-95B5-A566E1EC844C}.Silverlight Release|Any CPU.ActiveCfg = Release|Any CPU
		{CC9EE0F8-3158-4C8D-95B5-A566E1EC844C}.Silverlight Release|Any CPU.Build.0 = Release|Any CPU
		{CC9EE0F8-3158-4C8D-95B5-A566E1EC844C}.V4 Debug|Any CPU.ActiveCfg = Debug|Any CPU
		{CC9EE0F8-3158-4C8D-95B5-A566E1EC844C}.V4 Debug|Any CPU.Build.0 = Debug|Any CPU
		{CC9EE0F8-3158-4C8D-95B5-A566E1EC844C}.V4 Release|Any CPU.ActiveCfg = Release|Any CPU
		{CC9EE0F8-3158-4C8D-95B5-A566E1EC844C}.V4 Release|Any CPU.Build.0 = Release|Any CPU
		{2FE3BE00-7279-46CC-B1DB-3579976A3B78}.Debug|Any CPU.ActiveCfg = Debug|Any CPU
		{2FE3BE00-7279-46CC-B1DB-3579976A3B78}.Debug|Any CPU.Build.0 = Debug|Any CPU
		{2FE3BE00-7279-46CC-B1DB-3579976A3B78}.FxCop|Any CPU.ActiveCfg = Release|Any CPU
		{2FE3BE00-7279-46CC-B1DB-3579976A3B78}.FxCop|Any CPU.Build.0 = Release|Any CPU
		{2FE3BE00-7279-46CC-B1DB-3579976A3B78}.Release|Any CPU.ActiveCfg = Release|Any CPU
		{2FE3BE00-7279-46CC-B1DB-3579976A3B78}.Release|Any CPU.Build.0 = Release|Any CPU
		{2FE3BE00-7279-46CC-B1DB-3579976A3B78}.Silverlight 4 Debug|Any CPU.ActiveCfg = Debug|Any CPU
		{2FE3BE00-7279-46CC-B1DB-3579976A3B78}.Silverlight 4 Debug|Any CPU.Build.0 = Debug|Any CPU
		{2FE3BE00-7279-46CC-B1DB-3579976A3B78}.Silverlight 4 Release|Any CPU.ActiveCfg = Release|Any CPU
		{2FE3BE00-7279-46CC-B1DB-3579976A3B78}.Silverlight 4 Release|Any CPU.Build.0 = Release|Any CPU
		{2FE3BE00-7279-46CC-B1DB-3579976A3B78}.Silverlight Debug|Any CPU.ActiveCfg = Debug|Any CPU
		{2FE3BE00-7279-46CC-B1DB-3579976A3B78}.Silverlight Debug|Any CPU.Build.0 = Debug|Any CPU
		{2FE3BE00-7279-46CC-B1DB-3579976A3B78}.Silverlight Release|Any CPU.ActiveCfg = Release|Any CPU
		{2FE3BE00-7279-46CC-B1DB-3579976A3B78}.Silverlight Release|Any CPU.Build.0 = Release|Any CPU
		{2FE3BE00-7279-46CC-B1DB-3579976A3B78}.V4 Debug|Any CPU.ActiveCfg = Debug|Any CPU
		{2FE3BE00-7279-46CC-B1DB-3579976A3B78}.V4 Debug|Any CPU.Build.0 = Debug|Any CPU
		{2FE3BE00-7279-46CC-B1DB-3579976A3B78}.V4 Release|Any CPU.ActiveCfg = Release|Any CPU
		{2FE3BE00-7279-46CC-B1DB-3579976A3B78}.V4 Release|Any CPU.Build.0 = Release|Any CPU
		{94BCB49A-CB7D-4F37-8340-9A9B8CD05614}.Debug|Any CPU.ActiveCfg = Debug|Any CPU
		{94BCB49A-CB7D-4F37-8340-9A9B8CD05614}.Debug|Any CPU.Build.0 = Debug|Any CPU
		{94BCB49A-CB7D-4F37-8340-9A9B8CD05614}.FxCop|Any CPU.ActiveCfg = Release|Any CPU
		{94BCB49A-CB7D-4F37-8340-9A9B8CD05614}.FxCop|Any CPU.Build.0 = Release|Any CPU
		{94BCB49A-CB7D-4F37-8340-9A9B8CD05614}.Release|Any CPU.ActiveCfg = Release|Any CPU
		{94BCB49A-CB7D-4F37-8340-9A9B8CD05614}.Release|Any CPU.Build.0 = Release|Any CPU
		{94BCB49A-CB7D-4F37-8340-9A9B8CD05614}.Silverlight 4 Debug|Any CPU.ActiveCfg = Debug|Any CPU
		{94BCB49A-CB7D-4F37-8340-9A9B8CD05614}.Silverlight 4 Debug|Any CPU.Build.0 = Debug|Any CPU
		{94BCB49A-CB7D-4F37-8340-9A9B8CD05614}.Silverlight 4 Release|Any CPU.ActiveCfg = Release|Any CPU
		{94BCB49A-CB7D-4F37-8340-9A9B8CD05614}.Silverlight 4 Release|Any CPU.Build.0 = Release|Any CPU
		{94BCB49A-CB7D-4F37-8340-9A9B8CD05614}.Silverlight Debug|Any CPU.ActiveCfg = Debug|Any CPU
		{94BCB49A-CB7D-4F37-8340-9A9B8CD05614}.Silverlight Debug|Any CPU.Build.0 = Debug|Any CPU
		{94BCB49A-CB7D-4F37-8340-9A9B8CD05614}.Silverlight Release|Any CPU.ActiveCfg = Release|Any CPU
		{94BCB49A-CB7D-4F37-8340-9A9B8CD05614}.Silverlight Release|Any CPU.Build.0 = Release|Any CPU
		{94BCB49A-CB7D-4F37-8340-9A9B8CD05614}.V4 Debug|Any CPU.ActiveCfg = Debug|Any CPU
		{94BCB49A-CB7D-4F37-8340-9A9B8CD05614}.V4 Debug|Any CPU.Build.0 = Debug|Any CPU
		{94BCB49A-CB7D-4F37-8340-9A9B8CD05614}.V4 Release|Any CPU.ActiveCfg = Release|Any CPU
		{94BCB49A-CB7D-4F37-8340-9A9B8CD05614}.V4 Release|Any CPU.Build.0 = Release|Any CPU
		{402A24D0-272F-48EE-B533-27D4F7B3D2F5}.Debug|Any CPU.ActiveCfg = Debug|Any CPU
		{402A24D0-272F-48EE-B533-27D4F7B3D2F5}.Debug|Any CPU.Build.0 = Debug|Any CPU
		{402A24D0-272F-48EE-B533-27D4F7B3D2F5}.FxCop|Any CPU.ActiveCfg = Release|Any CPU
		{402A24D0-272F-48EE-B533-27D4F7B3D2F5}.FxCop|Any CPU.Build.0 = Release|Any CPU
		{402A24D0-272F-48EE-B533-27D4F7B3D2F5}.Release|Any CPU.ActiveCfg = Release|Any CPU
		{402A24D0-272F-48EE-B533-27D4F7B3D2F5}.Release|Any CPU.Build.0 = Release|Any CPU
		{402A24D0-272F-48EE-B533-27D4F7B3D2F5}.Silverlight 4 Debug|Any CPU.ActiveCfg = Debug|Any CPU
		{402A24D0-272F-48EE-B533-27D4F7B3D2F5}.Silverlight 4 Debug|Any CPU.Build.0 = Debug|Any CPU
		{402A24D0-272F-48EE-B533-27D4F7B3D2F5}.Silverlight 4 Release|Any CPU.ActiveCfg = Release|Any CPU
		{402A24D0-272F-48EE-B533-27D4F7B3D2F5}.Silverlight 4 Release|Any CPU.Build.0 = Release|Any CPU
		{402A24D0-272F-48EE-B533-27D4F7B3D2F5}.Silverlight Debug|Any CPU.ActiveCfg = Debug|Any CPU
		{402A24D0-272F-48EE-B533-27D4F7B3D2F5}.Silverlight Debug|Any CPU.Build.0 = Debug|Any CPU
		{402A24D0-272F-48EE-B533-27D4F7B3D2F5}.Silverlight Release|Any CPU.ActiveCfg = Release|Any CPU
		{402A24D0-272F-48EE-B533-27D4F7B3D2F5}.Silverlight Release|Any CPU.Build.0 = Release|Any CPU
		{402A24D0-272F-48EE-B533-27D4F7B3D2F5}.V4 Debug|Any CPU.ActiveCfg = Debug|Any CPU
		{402A24D0-272F-48EE-B533-27D4F7B3D2F5}.V4 Debug|Any CPU.Build.0 = Debug|Any CPU
		{402A24D0-272F-48EE-B533-27D4F7B3D2F5}.V4 Release|Any CPU.ActiveCfg = Release|Any CPU
		{402A24D0-272F-48EE-B533-27D4F7B3D2F5}.V4 Release|Any CPU.Build.0 = Release|Any CPU
		{4DB9B8EA-AD8B-48ED-8329-FB511B4BD218}.Debug|Any CPU.ActiveCfg = Debug|Any CPU
		{4DB9B8EA-AD8B-48ED-8329-FB511B4BD218}.Debug|Any CPU.Build.0 = Debug|Any CPU
		{4DB9B8EA-AD8B-48ED-8329-FB511B4BD218}.FxCop|Any CPU.ActiveCfg = Release|Any CPU
		{4DB9B8EA-AD8B-48ED-8329-FB511B4BD218}.FxCop|Any CPU.Build.0 = Release|Any CPU
		{4DB9B8EA-AD8B-48ED-8329-FB511B4BD218}.Release|Any CPU.ActiveCfg = Release|Any CPU
		{4DB9B8EA-AD8B-48ED-8329-FB511B4BD218}.Release|Any CPU.Build.0 = Release|Any CPU
		{4DB9B8EA-AD8B-48ED-8329-FB511B4BD218}.Silverlight 4 Debug|Any CPU.ActiveCfg = Debug|Any CPU
		{4DB9B8EA-AD8B-48ED-8329-FB511B4BD218}.Silverlight 4 Debug|Any CPU.Build.0 = Debug|Any CPU
		{4DB9B8EA-AD8B-48ED-8329-FB511B4BD218}.Silverlight 4 Release|Any CPU.ActiveCfg = Release|Any CPU
		{4DB9B8EA-AD8B-48ED-8329-FB511B4BD218}.Silverlight 4 Release|Any CPU.Build.0 = Release|Any CPU
		{4DB9B8EA-AD8B-48ED-8329-FB511B4BD218}.Silverlight Debug|Any CPU.ActiveCfg = Debug|Any CPU
		{4DB9B8EA-AD8B-48ED-8329-FB511B4BD218}.Silverlight Debug|Any CPU.Build.0 = Debug|Any CPU
		{4DB9B8EA-AD8B-48ED-8329-FB511B4BD218}.Silverlight Release|Any CPU.ActiveCfg = Release|Any CPU
		{4DB9B8EA-AD8B-48ED-8329-FB511B4BD218}.Silverlight Release|Any CPU.Build.0 = Release|Any CPU
		{4DB9B8EA-AD8B-48ED-8329-FB511B4BD218}.V4 Debug|Any CPU.ActiveCfg = Debug|Any CPU
		{4DB9B8EA-AD8B-48ED-8329-FB511B4BD218}.V4 Debug|Any CPU.Build.0 = Debug|Any CPU
		{4DB9B8EA-AD8B-48ED-8329-FB511B4BD218}.V4 Release|Any CPU.ActiveCfg = Release|Any CPU
		{4DB9B8EA-AD8B-48ED-8329-FB511B4BD218}.V4 Release|Any CPU.Build.0 = Release|Any CPU
		{DD43F4B6-5E09-41AA-B7C7-2B53722B1F77}.Debug|Any CPU.ActiveCfg = Debug|Any CPU
		{DD43F4B6-5E09-41AA-B7C7-2B53722B1F77}.Debug|Any CPU.Build.0 = Debug|Any CPU
		{DD43F4B6-5E09-41AA-B7C7-2B53722B1F77}.FxCop|Any CPU.ActiveCfg = Release|Any CPU
		{DD43F4B6-5E09-41AA-B7C7-2B53722B1F77}.FxCop|Any CPU.Build.0 = Release|Any CPU
		{DD43F4B6-5E09-41AA-B7C7-2B53722B1F77}.Release|Any CPU.ActiveCfg = Release|Any CPU
		{DD43F4B6-5E09-41AA-B7C7-2B53722B1F77}.Release|Any CPU.Build.0 = Release|Any CPU
		{DD43F4B6-5E09-41AA-B7C7-2B53722B1F77}.Silverlight 4 Debug|Any CPU.ActiveCfg = Debug|Any CPU
		{DD43F4B6-5E09-41AA-B7C7-2B53722B1F77}.Silverlight 4 Debug|Any CPU.Build.0 = Debug|Any CPU
		{DD43F4B6-5E09-41AA-B7C7-2B53722B1F77}.Silverlight 4 Release|Any CPU.ActiveCfg = Release|Any CPU
		{DD43F4B6-5E09-41AA-B7C7-2B53722B1F77}.Silverlight 4 Release|Any CPU.Build.0 = Release|Any CPU
		{DD43F4B6-5E09-41AA-B7C7-2B53722B1F77}.Silverlight Debug|Any CPU.ActiveCfg = Debug|Any CPU
		{DD43F4B6-5E09-41AA-B7C7-2B53722B1F77}.Silverlight Debug|Any CPU.Build.0 = Debug|Any CPU
		{DD43F4B6-5E09-41AA-B7C7-2B53722B1F77}.Silverlight Release|Any CPU.ActiveCfg = Release|Any CPU
		{DD43F4B6-5E09-41AA-B7C7-2B53722B1F77}.Silverlight Release|Any CPU.Build.0 = Release|Any CPU
		{DD43F4B6-5E09-41AA-B7C7-2B53722B1F77}.V4 Debug|Any CPU.ActiveCfg = Debug|Any CPU
		{DD43F4B6-5E09-41AA-B7C7-2B53722B1F77}.V4 Debug|Any CPU.Build.0 = Debug|Any CPU
		{DD43F4B6-5E09-41AA-B7C7-2B53722B1F77}.V4 Release|Any CPU.ActiveCfg = Release|Any CPU
		{DD43F4B6-5E09-41AA-B7C7-2B53722B1F77}.V4 Release|Any CPU.Build.0 = Release|Any CPU
		{5FA45FDA-4439-4631-B43F-944309F6901F}.Debug|Any CPU.ActiveCfg = Debug|Any CPU
		{5FA45FDA-4439-4631-B43F-944309F6901F}.Debug|Any CPU.Build.0 = Debug|Any CPU
		{5FA45FDA-4439-4631-B43F-944309F6901F}.FxCop|Any CPU.ActiveCfg = Release|Any CPU
		{5FA45FDA-4439-4631-B43F-944309F6901F}.FxCop|Any CPU.Build.0 = Release|Any CPU
		{5FA45FDA-4439-4631-B43F-944309F6901F}.Release|Any CPU.ActiveCfg = Release|Any CPU
		{5FA45FDA-4439-4631-B43F-944309F6901F}.Release|Any CPU.Build.0 = Release|Any CPU
		{5FA45FDA-4439-4631-B43F-944309F6901F}.Silverlight 4 Debug|Any CPU.ActiveCfg = Debug|Any CPU
		{5FA45FDA-4439-4631-B43F-944309F6901F}.Silverlight 4 Debug|Any CPU.Build.0 = Debug|Any CPU
		{5FA45FDA-4439-4631-B43F-944309F6901F}.Silverlight 4 Release|Any CPU.ActiveCfg = Release|Any CPU
		{5FA45FDA-4439-4631-B43F-944309F6901F}.Silverlight 4 Release|Any CPU.Build.0 = Release|Any CPU
		{5FA45FDA-4439-4631-B43F-944309F6901F}.Silverlight Debug|Any CPU.ActiveCfg = Debug|Any CPU
		{5FA45FDA-4439-4631-B43F-944309F6901F}.Silverlight Debug|Any CPU.Build.0 = Debug|Any CPU
		{5FA45FDA-4439-4631-B43F-944309F6901F}.Silverlight Release|Any CPU.ActiveCfg = Release|Any CPU
		{5FA45FDA-4439-4631-B43F-944309F6901F}.Silverlight Release|Any CPU.Build.0 = Release|Any CPU
		{5FA45FDA-4439-4631-B43F-944309F6901F}.V4 Debug|Any CPU.ActiveCfg = Debug|Any CPU
		{5FA45FDA-4439-4631-B43F-944309F6901F}.V4 Debug|Any CPU.Build.0 = Debug|Any CPU
		{5FA45FDA-4439-4631-B43F-944309F6901F}.V4 Release|Any CPU.ActiveCfg = Release|Any CPU
		{5FA45FDA-4439-4631-B43F-944309F6901F}.V4 Release|Any CPU.Build.0 = Release|Any CPU
		{E46BABE3-D807-479C-954A-CBA8B2F7A94C}.Debug|Any CPU.ActiveCfg = Debug|Any CPU
		{E46BABE3-D807-479C-954A-CBA8B2F7A94C}.Debug|Any CPU.Build.0 = Debug|Any CPU
		{E46BABE3-D807-479C-954A-CBA8B2F7A94C}.FxCop|Any CPU.ActiveCfg = Release|Any CPU
		{E46BABE3-D807-479C-954A-CBA8B2F7A94C}.FxCop|Any CPU.Build.0 = Release|Any CPU
		{E46BABE3-D807-479C-954A-CBA8B2F7A94C}.Release|Any CPU.ActiveCfg = Release|Any CPU
		{E46BABE3-D807-479C-954A-CBA8B2F7A94C}.Release|Any CPU.Build.0 = Release|Any CPU
		{E46BABE3-D807-479C-954A-CBA8B2F7A94C}.Silverlight 4 Debug|Any CPU.ActiveCfg = Debug|Any CPU
		{E46BABE3-D807-479C-954A-CBA8B2F7A94C}.Silverlight 4 Debug|Any CPU.Build.0 = Debug|Any CPU
		{E46BABE3-D807-479C-954A-CBA8B2F7A94C}.Silverlight 4 Release|Any CPU.ActiveCfg = Release|Any CPU
		{E46BABE3-D807-479C-954A-CBA8B2F7A94C}.Silverlight 4 Release|Any CPU.Build.0 = Release|Any CPU
		{E46BABE3-D807-479C-954A-CBA8B2F7A94C}.Silverlight Debug|Any CPU.ActiveCfg = Debug|Any CPU
		{E46BABE3-D807-479C-954A-CBA8B2F7A94C}.Silverlight Debug|Any CPU.Build.0 = Debug|Any CPU
		{E46BABE3-D807-479C-954A-CBA8B2F7A94C}.Silverlight Release|Any CPU.ActiveCfg = Release|Any CPU
		{E46BABE3-D807-479C-954A-CBA8B2F7A94C}.Silverlight Release|Any CPU.Build.0 = Release|Any CPU
		{E46BABE3-D807-479C-954A-CBA8B2F7A94C}.V4 Debug|Any CPU.ActiveCfg = Debug|Any CPU
		{E46BABE3-D807-479C-954A-CBA8B2F7A94C}.V4 Debug|Any CPU.Build.0 = Debug|Any CPU
		{E46BABE3-D807-479C-954A-CBA8B2F7A94C}.V4 Release|Any CPU.ActiveCfg = Release|Any CPU
		{E46BABE3-D807-479C-954A-CBA8B2F7A94C}.V4 Release|Any CPU.Build.0 = Release|Any CPU
	EndGlobalSection
	GlobalSection(SolutionProperties) = preSolution
		HideSolutionNode = FALSE
	EndGlobalSection
EndGlobal
